// !$*UTF8*$!
{
	archiveVersion = 1;
	classes = {
	};
	objectVersion = 46;
	objects = {

/* Begin PBXBuildFile section */
		BF6E560A1FC380AE00C1B46F /* InsertionSort.cpp in Sources */ = {isa = PBXBuildFile; fileRef = BF6E56091FC380AE00C1B46F /* InsertionSort.cpp */; };
		BF8F67961FAEA541001DCCE6 /* Point2Point.cpp in Sources */ = {isa = PBXBuildFile; fileRef = BF8F67951FAEA541001DCCE6 /* Point2Point.cpp */; };
		BF8F67981FB0CAAA001DCCE6 /* Broadcast.cpp in Sources */ = {isa = PBXBuildFile; fileRef = BF8F67971FB0CAAA001DCCE6 /* Broadcast.cpp */; };
		BF8F679A1FB0CCB7001DCCE6 /* Scatter.cpp in Sources */ = {isa = PBXBuildFile; fileRef = BF8F67991FB0CCB7001DCCE6 /* Scatter.cpp */; };
		BF8F679C1FB0D3EE001DCCE6 /* Gather.cpp in Sources */ = {isa = PBXBuildFile; fileRef = BF8F679B1FB0D3EE001DCCE6 /* Gather.cpp */; };
		BF8F679E1FB0D871001DCCE6 /* Reduce.cpp in Sources */ = {isa = PBXBuildFile; fileRef = BF8F679D1FB0D871001DCCE6 /* Reduce.cpp */; };
		BF8F67A01FB0DED9001DCCE6 /* Scan.cpp in Sources */ = {isa = PBXBuildFile; fileRef = BF8F679F1FB0DED9001DCCE6 /* Scan.cpp */; };
		BF8F67A21FB0E026001DCCE6 /* AlltoAll.cpp in Sources */ = {isa = PBXBuildFile; fileRef = BF8F67A11FB0E026001DCCE6 /* AlltoAll.cpp */; };
		BF8F67A41FB0EB42001DCCE6 /* TypeContiguous.cpp in Sources */ = {isa = PBXBuildFile; fileRef = BF8F67A31FB0EB42001DCCE6 /* TypeContiguous.cpp */; };
		BF8F67A61FB0F12F001DCCE6 /* TypeVector.cpp in Sources */ = {isa = PBXBuildFile; fileRef = BF8F67A51FB0F12F001DCCE6 /* TypeVector.cpp */; };
		BF8F67A81FB0F473001DCCE6 /* TypeStruct.cpp in Sources */ = {isa = PBXBuildFile; fileRef = BF8F67A71FB0F473001DCCE6 /* TypeStruct.cpp */; };
		BF8F67AA1FB14045001DCCE6 /* CommGroup.cpp in Sources */ = {isa = PBXBuildFile; fileRef = BF8F67A91FB14045001DCCE6 /* CommGroup.cpp */; };
		BF8F67AC1FB143AA001DCCE6 /* CommSplit.cpp in Sources */ = {isa = PBXBuildFile; fileRef = BF8F67AB1FB143AA001DCCE6 /* CommSplit.cpp */; };
		BFBA08251F9900B50055DCAB /* MasterSlave.cpp in Sources */ = {isa = PBXBuildFile; fileRef = BFBA08241F9900B50055DCAB /* MasterSlave.cpp */; };
		BFBA083D1FA7F1EA0055DCAB /* lab1a.cpp in Sources */ = {isa = PBXBuildFile; fileRef = BFBA08391FA7F1EA0055DCAB /* lab1a.cpp */; };
		BFBA083E1FA7F1EA0055DCAB /* lab1b.cpp in Sources */ = {isa = PBXBuildFile; fileRef = BFBA083A1FA7F1EA0055DCAB /* lab1b.cpp */; };
		BFBA083F1FA7F1EA0055DCAB /* lab1c.cpp in Sources */ = {isa = PBXBuildFile; fileRef = BFBA083B1FA7F1EA0055DCAB /* lab1c.cpp */; };
		BFBA08401FA7F1EA0055DCAB /* lab1d.cpp in Sources */ = {isa = PBXBuildFile; fileRef = BFBA083C1FA7F1EA0055DCAB /* lab1d.cpp */; };
		BFBDBC7B1EA909ED00935D67 /* main.cpp in Sources */ = {isa = PBXBuildFile; fileRef = BFBDBC7A1EA909ED00935D67 /* main.cpp */; };
		BFC8622D1F79A94F006F0131 /* CollectiveCommunication.cpp in Sources */ = {isa = PBXBuildFile; fileRef = BFC8622C1F79A94F006F0131 /* CollectiveCommunication.cpp */; };
		BFC8622F1F7ADB2D006F0131 /* test.cpp in Sources */ = {isa = PBXBuildFile; fileRef = BFC8622E1F7ADB2D006F0131 /* test.cpp */; };
		BFC8624E1F829BC0006F0131 /* PingPongMethod.cpp in Sources */ = {isa = PBXBuildFile; fileRef = BFC8624D1F829BC0006F0131 /* PingPongMethod.cpp */; };
		BFC862501F82D2D7006F0131 /* EffectiveBandwith.cpp in Sources */ = {isa = PBXBuildFile; fileRef = BFC8624F1F82D2D7006F0131 /* EffectiveBandwith.cpp */; };
		BFC8626F1F86ADB6006F0131 /* BlockDistribution.cpp in Sources */ = {isa = PBXBuildFile; fileRef = BFC8626E1F86ADB6006F0131 /* BlockDistribution.cpp */; };
/* End PBXBuildFile section */

/* Begin PBXCopyFilesBuildPhase section */
		BFBDBC751EA909EC00935D67 /* CopyFiles */ = {
			isa = PBXCopyFilesBuildPhase;
			buildActionMask = 2147483647;
			dstPath = /usr/share/man/man1;
			dstSubfolderSpec = 0;
			files = (
			);
			runOnlyForDeploymentPostprocessing = 1;
		};
/* End PBXCopyFilesBuildPhase section */

/* Begin PBXFileReference section */
		BF6E56091FC380AE00C1B46F /* InsertionSort.cpp */ = {isa = PBXFileReference; fileEncoding = 4; lastKnownFileType = sourcecode.cpp.cpp; path = InsertionSort.cpp; sourceTree = "<group>"; };
		BF8F67951FAEA541001DCCE6 /* Point2Point.cpp */ = {isa = PBXFileReference; fileEncoding = 4; lastKnownFileType = sourcecode.cpp.cpp; path = Point2Point.cpp; sourceTree = "<group>"; };
		BF8F67971FB0CAAA001DCCE6 /* Broadcast.cpp */ = {isa = PBXFileReference; fileEncoding = 4; lastKnownFileType = sourcecode.cpp.cpp; path = Broadcast.cpp; sourceTree = "<group>"; };
		BF8F67991FB0CCB7001DCCE6 /* Scatter.cpp */ = {isa = PBXFileReference; fileEncoding = 4; lastKnownFileType = sourcecode.cpp.cpp; path = Scatter.cpp; sourceTree = "<group>"; };
		BF8F679B1FB0D3EE001DCCE6 /* Gather.cpp */ = {isa = PBXFileReference; fileEncoding = 4; lastKnownFileType = sourcecode.cpp.cpp; path = Gather.cpp; sourceTree = "<group>"; };
		BF8F679D1FB0D871001DCCE6 /* Reduce.cpp */ = {isa = PBXFileReference; fileEncoding = 4; lastKnownFileType = sourcecode.cpp.cpp; path = Reduce.cpp; sourceTree = "<group>"; };
		BF8F679F1FB0DED9001DCCE6 /* Scan.cpp */ = {isa = PBXFileReference; fileEncoding = 4; lastKnownFileType = sourcecode.cpp.cpp; path = Scan.cpp; sourceTree = "<group>"; };
		BF8F67A11FB0E026001DCCE6 /* AlltoAll.cpp */ = {isa = PBXFileReference; fileEncoding = 4; lastKnownFileType = sourcecode.cpp.cpp; path = AlltoAll.cpp; sourceTree = "<group>"; };
		BF8F67A31FB0EB42001DCCE6 /* TypeContiguous.cpp */ = {isa = PBXFileReference; fileEncoding = 4; lastKnownFileType = sourcecode.cpp.cpp; path = TypeContiguous.cpp; sourceTree = "<group>"; };
		BF8F67A51FB0F12F001DCCE6 /* TypeVector.cpp */ = {isa = PBXFileReference; fileEncoding = 4; lastKnownFileType = sourcecode.cpp.cpp; path = TypeVector.cpp; sourceTree = "<group>"; };
		BF8F67A71FB0F473001DCCE6 /* TypeStruct.cpp */ = {isa = PBXFileReference; fileEncoding = 4; lastKnownFileType = sourcecode.cpp.cpp; path = TypeStruct.cpp; sourceTree = "<group>"; };
		BF8F67A91FB14045001DCCE6 /* CommGroup.cpp */ = {isa = PBXFileReference; fileEncoding = 4; lastKnownFileType = sourcecode.cpp.cpp; path = CommGroup.cpp; sourceTree = "<group>"; };
		BF8F67AB1FB143AA001DCCE6 /* CommSplit.cpp */ = {isa = PBXFileReference; fileEncoding = 4; lastKnownFileType = sourcecode.cpp.cpp; path = CommSplit.cpp; sourceTree = "<group>"; };
		BFBA08241F9900B50055DCAB /* MasterSlave.cpp */ = {isa = PBXFileReference; fileEncoding = 4; lastKnownFileType = sourcecode.cpp.cpp; path = MasterSlave.cpp; sourceTree = "<group>"; };
		BFBA08391FA7F1EA0055DCAB /* lab1a.cpp */ = {isa = PBXFileReference; fileEncoding = 4; lastKnownFileType = sourcecode.cpp.cpp; path = lab1a.cpp; sourceTree = "<group>"; };
		BFBA083A1FA7F1EA0055DCAB /* lab1b.cpp */ = {isa = PBXFileReference; fileEncoding = 4; lastKnownFileType = sourcecode.cpp.cpp; path = lab1b.cpp; sourceTree = "<group>"; };
		BFBA083B1FA7F1EA0055DCAB /* lab1c.cpp */ = {isa = PBXFileReference; fileEncoding = 4; lastKnownFileType = sourcecode.cpp.cpp; path = lab1c.cpp; sourceTree = "<group>"; };
		BFBA083C1FA7F1EA0055DCAB /* lab1d.cpp */ = {isa = PBXFileReference; fileEncoding = 4; lastKnownFileType = sourcecode.cpp.cpp; path = lab1d.cpp; sourceTree = "<group>"; };
		BFBDBC771EA909EC00935D67 /* ParallelProgramming */ = {isa = PBXFileReference; explicitFileType = "compiled.mach-o.executable"; includeInIndex = 0; path = ParallelProgramming; sourceTree = BUILT_PRODUCTS_DIR; };
		BFBDBC7A1EA909ED00935D67 /* main.cpp */ = {isa = PBXFileReference; lastKnownFileType = sourcecode.cpp.cpp; name = main.cpp; path = ParallelProgramming/main.cpp; sourceTree = SOURCE_ROOT; };
		BFC8622C1F79A94F006F0131 /* CollectiveCommunication.cpp */ = {isa = PBXFileReference; fileEncoding = 4; lastKnownFileType = sourcecode.cpp.cpp; path = CollectiveCommunication.cpp; sourceTree = "<group>"; };
		BFC8622E1F7ADB2D006F0131 /* test.cpp */ = {isa = PBXFileReference; fileEncoding = 4; lastKnownFileType = sourcecode.cpp.cpp; path = test.cpp; sourceTree = "<group>"; };
		BFC8624D1F829BC0006F0131 /* PingPongMethod.cpp */ = {isa = PBXFileReference; fileEncoding = 4; lastKnownFileType = sourcecode.cpp.cpp; path = PingPongMethod.cpp; sourceTree = "<group>"; };
		BFC8624F1F82D2D7006F0131 /* EffectiveBandwith.cpp */ = {isa = PBXFileReference; fileEncoding = 4; lastKnownFileType = sourcecode.cpp.cpp; path = EffectiveBandwith.cpp; sourceTree = "<group>"; };
		BFC8626E1F86ADB6006F0131 /* BlockDistribution.cpp */ = {isa = PBXFileReference; fileEncoding = 4; lastKnownFileType = sourcecode.cpp.cpp; path = BlockDistribution.cpp; sourceTree = "<group>"; };
/* End PBXFileReference section */

/* Begin PBXFrameworksBuildPhase section */
		BFBDBC741EA909EC00935D67 /* Frameworks */ = {
			isa = PBXFrameworksBuildPhase;
			buildActionMask = 2147483647;
			files = (
			);
			runOnlyForDeploymentPostprocessing = 0;
		};
/* End PBXFrameworksBuildPhase section */

/* Begin PBXGroup section */
		BFBA08381FA7F1370055DCAB /* Lab1 */ = {
			isa = PBXGroup;
			children = (
				BFBA08391FA7F1EA0055DCAB /* lab1a.cpp */,
				BFBA083A1FA7F1EA0055DCAB /* lab1b.cpp */,
				BFBA083B1FA7F1EA0055DCAB /* lab1c.cpp */,
				BFBA083C1FA7F1EA0055DCAB /* lab1d.cpp */,
			);
			path = Lab1;
			sourceTree = "<group>";
		};
		BFBDBC6E1EA909EC00935D67 = {
			isa = PBXGroup;
			children = (
				BFBDBC791EA909EC00935D67 /* ParallelProgramming */,
				BFBDBC781EA909EC00935D67 /* Products */,
			);
			sourceTree = "<group>";
		};
		BFBDBC781EA909EC00935D67 /* Products */ = {
			isa = PBXGroup;
			children = (
				BFBDBC771EA909EC00935D67 /* ParallelProgramming */,
			);
			name = Products;
			sourceTree = "<group>";
		};
		BFBDBC791EA909EC00935D67 /* ParallelProgramming */ = {
			isa = PBXGroup;
			children = (
				BFBA08381FA7F1370055DCAB /* Lab1 */,
				BFBDBC7A1EA909ED00935D67 /* main.cpp */,
				BF8F67971FB0CAAA001DCCE6 /* Broadcast.cpp */,
				BF8F67991FB0CCB7001DCCE6 /* Scatter.cpp */,
				BF6E56091FC380AE00C1B46F /* InsertionSort.cpp */,
				BF8F679B1FB0D3EE001DCCE6 /* Gather.cpp */,
				BF8F679D1FB0D871001DCCE6 /* Reduce.cpp */,
				BF8F679F1FB0DED9001DCCE6 /* Scan.cpp */,
				BF8F67A11FB0E026001DCCE6 /* AlltoAll.cpp */,
				BF8F67A31FB0EB42001DCCE6 /* TypeContiguous.cpp */,
				BF8F67A51FB0F12F001DCCE6 /* TypeVector.cpp */,
				BF8F67A71FB0F473001DCCE6 /* TypeStruct.cpp */,
				BF8F67A91FB14045001DCCE6 /* CommGroup.cpp */,
				BF8F67AB1FB143AA001DCCE6 /* CommSplit.cpp */,
				BF8F67951FAEA541001DCCE6 /* Point2Point.cpp */,
				BFC8622C1F79A94F006F0131 /* CollectiveCommunication.cpp */,
				BFC8622E1F7ADB2D006F0131 /* test.cpp */,
				BFC8624D1F829BC0006F0131 /* PingPongMethod.cpp */,
				BFC8624F1F82D2D7006F0131 /* EffectiveBandwith.cpp */,
				BFC8626E1F86ADB6006F0131 /* BlockDistribution.cpp */,
				BFBA08241F9900B50055DCAB /* MasterSlave.cpp */,
			);
			path = ParallelProgramming;
			sourceTree = "<group>";
		};
/* End PBXGroup section */

/* Begin PBXNativeTarget section */
		BFBDBC761EA909EC00935D67 /* ParallelProgramming */ = {
			isa = PBXNativeTarget;
			buildConfigurationList = BFBDBC7E1EA909ED00935D67 /* Build configuration list for PBXNativeTarget "ParallelProgramming" */;
			buildPhases = (
				BFBDBC731EA909EC00935D67 /* Sources */,
				BFBDBC741EA909EC00935D67 /* Frameworks */,
				BFBDBC751EA909EC00935D67 /* CopyFiles */,
			);
			buildRules = (
			);
			dependencies = (
			);
			name = ParallelProgramming;
			productName = ParallelProgramming;
			productReference = BFBDBC771EA909EC00935D67 /* ParallelProgramming */;
			productType = "com.apple.product-type.tool";
		};
/* End PBXNativeTarget section */

/* Begin PBXProject section */
		BFBDBC6F1EA909EC00935D67 /* Project object */ = {
			isa = PBXProject;
			attributes = {
				LastUpgradeCheck = 0800;
				ORGANIZATIONNAME = "TIMCA Computers";
				TargetAttributes = {
					BFBDBC761EA909EC00935D67 = {
						CreatedOnToolsVersion = 8.0;
						DevelopmentTeam = 8EBBC7XXY4;
						ProvisioningStyle = Automatic;
					};
				};
			};
			buildConfigurationList = BFBDBC721EA909EC00935D67 /* Build configuration list for PBXProject "ParallelProgramming" */;
			compatibilityVersion = "Xcode 3.2";
			developmentRegion = English;
			hasScannedForEncodings = 0;
			knownRegions = (
				en,
			);
			mainGroup = BFBDBC6E1EA909EC00935D67;
			productRefGroup = BFBDBC781EA909EC00935D67 /* Products */;
			projectDirPath = "";
			projectRoot = "";
			targets = (
				BFBDBC761EA909EC00935D67 /* ParallelProgramming */,
			);
		};
/* End PBXProject section */

/* Begin PBXSourcesBuildPhase section */
		BFBDBC731EA909EC00935D67 /* Sources */ = {
			isa = PBXSourcesBuildPhase;
			buildActionMask = 2147483647;
			files = (
				BFC8622D1F79A94F006F0131 /* CollectiveCommunication.cpp in Sources */,
				BF8F67A41FB0EB42001DCCE6 /* TypeContiguous.cpp in Sources */,
				BF8F679C1FB0D3EE001DCCE6 /* Gather.cpp in Sources */,
				BFBA083D1FA7F1EA0055DCAB /* lab1a.cpp in Sources */,
				BF8F67A61FB0F12F001DCCE6 /* TypeVector.cpp in Sources */,
				BF6E560A1FC380AE00C1B46F /* InsertionSort.cpp in Sources */,
				BF8F67A01FB0DED9001DCCE6 /* Scan.cpp in Sources */,
				BF8F679E1FB0D871001DCCE6 /* Reduce.cpp in Sources */,
				BF8F67961FAEA541001DCCE6 /* Point2Point.cpp in Sources */,
				BFC8626F1F86ADB6006F0131 /* BlockDistribution.cpp in Sources */,
				BFBA083E1FA7F1EA0055DCAB /* lab1b.cpp in Sources */,
				BFC862501F82D2D7006F0131 /* EffectiveBandwith.cpp in Sources */,
				BFBDBC7B1EA909ED00935D67 /* main.cpp in Sources */,
				BFC8624E1F829BC0006F0131 /* PingPongMethod.cpp in Sources */,
				BFBA083F1FA7F1EA0055DCAB /* lab1c.cpp in Sources */,
				BFBA08251F9900B50055DCAB /* MasterSlave.cpp in Sources */,
				BF8F67AA1FB14045001DCCE6 /* CommGroup.cpp in Sources */,
				BF8F67A81FB0F473001DCCE6 /* TypeStruct.cpp in Sources */,
				BF8F67AC1FB143AA001DCCE6 /* CommSplit.cpp in Sources */,
				BF8F679A1FB0CCB7001DCCE6 /* Scatter.cpp in Sources */,
				BF8F67A21FB0E026001DCCE6 /* AlltoAll.cpp in Sources */,
				BFC8622F1F7ADB2D006F0131 /* test.cpp in Sources */,
				BFBA08401FA7F1EA0055DCAB /* lab1d.cpp in Sources */,
				BF8F67981FB0CAAA001DCCE6 /* Broadcast.cpp in Sources */,
			);
			runOnlyForDeploymentPostprocessing = 0;
		};
/* End PBXSourcesBuildPhase section */

/* Begin XCBuildConfiguration section */
		BFBDBC7C1EA909ED00935D67 /* Debug */ = {
			isa = XCBuildConfiguration;
			buildSettings = {
				ALWAYS_SEARCH_USER_PATHS = NO;
				CLANG_ANALYZER_NONNULL = YES;
				CLANG_CXX_LANGUAGE_STANDARD = "gnu++0x";
				CLANG_CXX_LIBRARY = "libc++";
				CLANG_ENABLE_MODULES = YES;
				CLANG_ENABLE_OBJC_ARC = YES;
				CLANG_WARN_BOOL_CONVERSION = YES;
				CLANG_WARN_CONSTANT_CONVERSION = YES;
				CLANG_WARN_DIRECT_OBJC_ISA_USAGE = YES_ERROR;
				CLANG_WARN_DOCUMENTATION_COMMENTS = YES;
				CLANG_WARN_EMPTY_BODY = YES;
				CLANG_WARN_ENUM_CONVERSION = YES;
				CLANG_WARN_INFINITE_RECURSION = YES;
				CLANG_WARN_INT_CONVERSION = YES;
				CLANG_WARN_OBJC_ROOT_CLASS = YES_ERROR;
				CLANG_WARN_SUSPICIOUS_MOVES = YES;
				CLANG_WARN_UNREACHABLE_CODE = YES;
				CLANG_WARN__DUPLICATE_METHOD_MATCH = YES;
				CODE_SIGN_IDENTITY = "-";
				COPY_PHASE_STRIP = NO;
				DEBUG_INFORMATION_FORMAT = dwarf;
				ENABLE_STRICT_OBJC_MSGSEND = YES;
				ENABLE_TESTABILITY = YES;
				GCC_C_LANGUAGE_STANDARD = gnu99;
				GCC_DYNAMIC_NO_PIC = NO;
				GCC_NO_COMMON_BLOCKS = YES;
				GCC_OPTIMIZATION_LEVEL = 0;
				GCC_PREPROCESSOR_DEFINITIONS = (
					"DEBUG=1",
					"$(inherited)",
				);
				GCC_WARN_64_TO_32_BIT_CONVERSION = YES;
				GCC_WARN_ABOUT_RETURN_TYPE = YES_ERROR;
				GCC_WARN_UNDECLARED_SELECTOR = YES;
				GCC_WARN_UNINITIALIZED_AUTOS = YES_AGGRESSIVE;
				GCC_WARN_UNUSED_FUNCTION = YES;
				GCC_WARN_UNUSED_VARIABLE = YES;
				"HEADER_SEARCH_PATHS[arch=*]" = /usr/local/include;
				"LIBRARY_SEARCH_PATHS[arch=*]" = /usr/local/lib;
				MACOSX_DEPLOYMENT_TARGET = 10.11;
				MTL_ENABLE_DEBUG_INFO = YES;
				NEW_SETTING = "";
				ONLY_ACTIVE_ARCH = YES;
				"OTHER_LDFLAGS[arch=*]" = "-lmpi";
				SDKROOT = macosx;
			};
			name = Debug;
		};
		BFBDBC7D1EA909ED00935D67 /* Release */ = {
			isa = XCBuildConfiguration;
			buildSettings = {
				ALWAYS_SEARCH_USER_PATHS = NO;
				CLANG_ANALYZER_NONNULL = YES;
				CLANG_CXX_LANGUAGE_STANDARD = "gnu++0x";
				CLANG_CXX_LIBRARY = "libc++";
				CLANG_ENABLE_MODULES = YES;
				CLANG_ENABLE_OBJC_ARC = YES;
				CLANG_WARN_BOOL_CONVERSION = YES;
				CLANG_WARN_CONSTANT_CONVERSION = YES;
				CLANG_WARN_DIRECT_OBJC_ISA_USAGE = YES_ERROR;
				CLANG_WARN_DOCUMENTATION_COMMENTS = YES;
				CLANG_WARN_EMPTY_BODY = YES;
				CLANG_WARN_ENUM_CONVERSION = YES;
				CLANG_WARN_INFINITE_RECURSION = YES;
				CLANG_WARN_INT_CONVERSION = YES;
				CLANG_WARN_OBJC_ROOT_CLASS = YES_ERROR;
				CLANG_WARN_SUSPICIOUS_MOVES = YES;
				CLANG_WARN_UNREACHABLE_CODE = YES;
				CLANG_WARN__DUPLICATE_METHOD_MATCH = YES;
				CODE_SIGN_IDENTITY = "-";
				COPY_PHASE_STRIP = NO;
				DEBUG_INFORMATION_FORMAT = "dwarf-with-dsym";
				ENABLE_NS_ASSERTIONS = NO;
				ENABLE_STRICT_OBJC_MSGSEND = YES;
				GCC_C_LANGUAGE_STANDARD = gnu99;
				GCC_NO_COMMON_BLOCKS = YES;
				GCC_WARN_64_TO_32_BIT_CONVERSION = YES;
				GCC_WARN_ABOUT_RETURN_TYPE = YES_ERROR;
				GCC_WARN_UNDECLARED_SELECTOR = YES;
				GCC_WARN_UNINITIALIZED_AUTOS = YES_AGGRESSIVE;
				GCC_WARN_UNUSED_FUNCTION = YES;
				GCC_WARN_UNUSED_VARIABLE = YES;
				"HEADER_SEARCH_PATHS[arch=*]" = /usr/local/include;
				"LIBRARY_SEARCH_PATHS[arch=*]" = /usr/local/lib;
				MACOSX_DEPLOYMENT_TARGET = 10.11;
				MTL_ENABLE_DEBUG_INFO = NO;
				NEW_SETTING = "";
				"OTHER_LDFLAGS[arch=*]" = "-lmpi";
				SDKROOT = macosx;
			};
			name = Release;
		};
		BFBDBC7F1EA909ED00935D67 /* Debug */ = {
			isa = XCBuildConfiguration;
			buildSettings = {
				DEVELOPMENT_TEAM = 8EBBC7XXY4;
				PRODUCT_NAME = "$(TARGET_NAME)";
			};
			name = Debug;
		};
		BFBDBC801EA909ED00935D67 /* Release */ = {
			isa = XCBuildConfiguration;
			buildSettings = {
				DEVELOPMENT_TEAM = 8EBBC7XXY4;
				PRODUCT_NAME = "$(TARGET_NAME)";
			};
			name = Release;
		};
/* End XCBuildConfiguration section */

/* Begin XCConfigurationList section */
		BFBDBC721EA909EC00935D67 /* Build configuration list for PBXProject "ParallelProgramming" */ = {
			isa = XCConfigurationList;
			buildConfigurations = (
				BFBDBC7C1EA909ED00935D67 /* Debug */,
				BFBDBC7D1EA909ED00935D67 /* Release */,
			);
			defaultConfigurationIsVisible = 0;
			defaultConfigurationName = Release;
		};
		BFBDBC7E1EA909ED00935D67 /* Build configuration list for PBXNativeTarget "ParallelProgramming" */ = {
			isa = XCConfigurationList;
			buildConfigurations = (
				BFBDBC7F1EA909ED00935D67 /* Debug */,
				BFBDBC801EA909ED00935D67 /* Release */,
			);
			defaultConfigurationIsVisible = 0;
			defaultConfigurationName = Release;
		};
/* End XCConfigurationList section */
	};
	rootObject = BFBDBC6F1EA909EC00935D67 /* Project object */;
}
