// !$*UTF8*$!
{
	archiveVersion = 1;
	classes = {
	};
	objectVersion = 46;
	objects = {

/* Begin PBXBuildFile section */
		BF1FA8BC1FDE0A420028DF8B /* ex5102.cpp in Sources */ = {isa = PBXBuildFile; fileRef = BF1FA8BA1FDE0A420028DF8B /* ex5102.cpp */; };
		BF34E36E202D57750065812C /* ex7.9.3.cpp in Sources */ = {isa = PBXBuildFile; fileRef = BF34E36D202D57750065812C /* ex7.9.3.cpp */; };
		BF34E370202D6F380065812C /* ex7.9.15.cpp in Sources */ = {isa = PBXBuildFile; fileRef = BF34E36F202D6F380065812C /* ex7.9.15.cpp */; };
		BF34E37A202F920E0065812C /* ex8.7.3.cpp in Sources */ = {isa = PBXBuildFile; fileRef = BF34E378202F920E0065812C /* ex8.7.3.cpp */; };
		BF34E37F2030BBDD0065812C /* ex8.7.4.cpp in Sources */ = {isa = PBXBuildFile; fileRef = BF34E37E2030BBDD0065812C /* ex8.7.4.cpp */; };
		BF34E3812030C5EA0065812C /* ex8.7.1.cpp in Sources */ = {isa = PBXBuildFile; fileRef = BF34E3802030C5EA0065812C /* ex8.7.1.cpp */; };
		BF34E38420311ABE0065812C /* ex9.6.2.cpp in Sources */ = {isa = PBXBuildFile; fileRef = BF34E38320311ABE0065812C /* ex9.6.2.cpp */; };
		BF34E38720312C800065812C /* Vcr.cpp in Sources */ = {isa = PBXBuildFile; fileRef = BF34E38520312C800065812C /* Vcr.cpp */; };
		BF34E38A2031576E0065812C /* ex10.4.1.cpp in Sources */ = {isa = PBXBuildFile; fileRef = BF34E3892031576E0065812C /* ex10.4.1.cpp */; };
		BF4A8D69201FF27B002B1B6E /* ex7.9.1.cpp in Sources */ = {isa = PBXBuildFile; fileRef = BF4A8D68201FF27B002B1B6E /* ex7.9.1.cpp */; };
		BF4A8D6C201FFA4C002B1B6E /* Vcr.cpp in Sources */ = {isa = PBXBuildFile; fileRef = BF4A8D6A201FFA4C002B1B6E /* Vcr.cpp */; };
		BF4A8D6F2020E751002B1B6E /* Mtx.cpp in Sources */ = {isa = PBXBuildFile; fileRef = BF4A8D6D2020E751002B1B6E /* Mtx.cpp */; };
		BF6E56071FBFADA400C1B46F /* test.cpp in Sources */ = {isa = PBXBuildFile; fileRef = BF6E56061FBFADA400C1B46F /* test.cpp */; };
		BF6E560C1FC8EDA000C1B46F /* virtual.cp in Sources */ = {isa = PBXBuildFile; fileRef = BF6E560B1FC8EDA000C1B46F /* virtual.cp */; };
		BF6E560E1FCCEAC900C1B46F /* ex481.cpp in Sources */ = {isa = PBXBuildFile; fileRef = BF6E560D1FCCEAC900C1B46F /* ex481.cpp */; };
		BF6E56101FCD317D00C1B46F /* ex483.cpp in Sources */ = {isa = PBXBuildFile; fileRef = BF6E560F1FCD317D00C1B46F /* ex483.cpp */; };
		BF6E56121FCD37CB00C1B46F /* ex488.cpp in Sources */ = {isa = PBXBuildFile; fileRef = BF6E56111FCD37CB00C1B46F /* ex488.cpp */; };
		BF8C093D1F6A2FE7007438AD /* exercise162b.cpp in Sources */ = {isa = PBXBuildFile; fileRef = BF8C093C1F6A2FE7007438AD /* exercise162b.cpp */; };
		BF8C093F1F6A319E007438AD /* exercise163.cpp in Sources */ = {isa = PBXBuildFile; fileRef = BF8C093E1F6A319E007438AD /* exercise163.cpp */; };
		BF8C09411F6A32CE007438AD /* exercise163b.cpp in Sources */ = {isa = PBXBuildFile; fileRef = BF8C09401F6A32CE007438AD /* exercise163b.cpp */; };
		BF8C09431F6A337F007438AD /* exercise164.cpp in Sources */ = {isa = PBXBuildFile; fileRef = BF8C09421F6A337F007438AD /* exercise164.cpp */; };
		BF8C09451F6A3647007438AD /* exercise165.cpp in Sources */ = {isa = PBXBuildFile; fileRef = BF8C09441F6A3647007438AD /* exercise165.cpp */; };
		BF8C09471F6A3AB2007438AD /* exercise166.cpp in Sources */ = {isa = PBXBuildFile; fileRef = BF8C09461F6A3AB2007438AD /* exercise166.cpp */; };
		BF8C09491F6A3BB8007438AD /* exercise167.cpp in Sources */ = {isa = PBXBuildFile; fileRef = BF8C09481F6A3BB8007438AD /* exercise167.cpp */; };
		BF8C094B1F6A3D75007438AD /* exercise169.cpp in Sources */ = {isa = PBXBuildFile; fileRef = BF8C094A1F6A3D75007438AD /* exercise169.cpp */; };
		BF8C094E1F6A3E42007438AD /* exercise1610.cpp in Sources */ = {isa = PBXBuildFile; fileRef = BF8C094C1F6A3E42007438AD /* exercise1610.cpp */; };
		BF8C09501F6A3FE8007438AD /* exercise1611.cpp in Sources */ = {isa = PBXBuildFile; fileRef = BF8C094F1F6A3FE8007438AD /* exercise1611.cpp */; };
		BF8C09521F6A40A4007438AD /* exercise1612.cpp in Sources */ = {isa = PBXBuildFile; fileRef = BF8C09511F6A40A4007438AD /* exercise1612.cpp */; };
		BFBA08271F9955E50055DCAB /* NewtonsMethod.cpp in Sources */ = {isa = PBXBuildFile; fileRef = BFBA08261F9955E50055DCAB /* NewtonsMethod.cpp */; };
		BFBA08291FA1215A0055DCAB /* ex3148.cpp in Sources */ = {isa = PBXBuildFile; fileRef = BFBA08281FA1215A0055DCAB /* ex3148.cpp */; };
		BFBA082B1FA126DD0055DCAB /* ex3149.cpp in Sources */ = {isa = PBXBuildFile; fileRef = BFBA082A1FA126DD0055DCAB /* ex3149.cpp */; };
		BFBA082D1FA12B4A0055DCAB /* ex31410.cpp in Sources */ = {isa = PBXBuildFile; fileRef = BFBA082C1FA12B4A0055DCAB /* ex31410.cpp */; };
		BFBA082F1FA149EB0055DCAB /* ex31411.cpp in Sources */ = {isa = PBXBuildFile; fileRef = BFBA082E1FA149EB0055DCAB /* ex31411.cpp */; };
		BFBA08311FA150A60055DCAB /* ex31412.cpp in Sources */ = {isa = PBXBuildFile; fileRef = BFBA08301FA150A60055DCAB /* ex31412.cpp */; };
		BFBA08331FA166580055DCAB /* ex31413.cpp in Sources */ = {isa = PBXBuildFile; fileRef = BFBA08321FA166580055DCAB /* ex31413.cpp */; };
		BFBA08351FA177980055DCAB /* ex31414.cpp in Sources */ = {isa = PBXBuildFile; fileRef = BFBA08341FA177980055DCAB /* ex31414.cpp */; };
		BFBA08371FA182BE0055DCAB /* ex31415.cpp in Sources */ = {isa = PBXBuildFile; fileRef = BFBA08361FA182BE0055DCAB /* ex31415.cpp */; };
		BFC020541FFAF3A400143BF3 /* Cmpx.cpp in Sources */ = {isa = PBXBuildFile; fileRef = BFC020521FFAF3A400143BF3 /* Cmpx.cpp */; };
		BFC307371F6A129500774AA8 /* main.cpp in Sources */ = {isa = PBXBuildFile; fileRef = BFC307361F6A129500774AA8 /* main.cpp */; };
		BFC3073E1F6A16A100774AA8 /* example161.cpp in Sources */ = {isa = PBXBuildFile; fileRef = BFC3073D1F6A16A100774AA8 /* example161.cpp */; };
		BFC307401F6A1D0700774AA8 /* exercise162.cpp in Sources */ = {isa = PBXBuildFile; fileRef = BFC3073F1F6A1D0700774AA8 /* exercise162.cpp */; };
		BFC862011F70BAA0006F0131 /* exercise168.cpp in Sources */ = {isa = PBXBuildFile; fileRef = BFC862001F70BAA0006F0131 /* exercise168.cpp */; };
		BFC862061F73014E006F0131 /* fibonacci.cpp in Sources */ = {isa = PBXBuildFile; fileRef = BFC862051F73014E006F0131 /* fibonacci.cpp */; };
		BFC862081F7303E4006F0131 /* ex251.cpp in Sources */ = {isa = PBXBuildFile; fileRef = BFC862071F7303E4006F0131 /* ex251.cpp */; };
		BFC8620A1F730A64006F0131 /* ex252.cpp in Sources */ = {isa = PBXBuildFile; fileRef = BFC862091F730A64006F0131 /* ex252.cpp */; };
		BFC8620C1F731395006F0131 /* ex253.cpp in Sources */ = {isa = PBXBuildFile; fileRef = BFC8620B1F731395006F0131 /* ex253.cpp */; };
		BFC8620E1F731490006F0131 /* ex254.cpp in Sources */ = {isa = PBXBuildFile; fileRef = BFC8620D1F731490006F0131 /* ex254.cpp */; };
		BFC862101F7317A4006F0131 /* ex255.cpp in Sources */ = {isa = PBXBuildFile; fileRef = BFC8620F1F7317A4006F0131 /* ex255.cpp */; };
		BFC862121F732356006F0131 /* ex256.cpp in Sources */ = {isa = PBXBuildFile; fileRef = BFC862111F732356006F0131 /* ex256.cpp */; };
		BFC862141F732497006F0131 /* ex257.cpp in Sources */ = {isa = PBXBuildFile; fileRef = BFC862131F732497006F0131 /* ex257.cpp */; };
		BFC862161F7325D0006F0131 /* ex258.cpp in Sources */ = {isa = PBXBuildFile; fileRef = BFC862151F7325D0006F0131 /* ex258.cpp */; };
		BFC862181F73299F006F0131 /* ex259.cpp in Sources */ = {isa = PBXBuildFile; fileRef = BFC862171F73299F006F0131 /* ex259.cpp */; };
		BFC8621A1F732CE3006F0131 /* ex2510.cpp in Sources */ = {isa = PBXBuildFile; fileRef = BFC862191F732CE3006F0131 /* ex2510.cpp */; };
		BFC8621C1F733192006F0131 /* ex2511.cpp in Sources */ = {isa = PBXBuildFile; fileRef = BFC8621B1F733192006F0131 /* ex2511.cpp */; };
		BFC8621E1F73335A006F0131 /* ex2512.cpp in Sources */ = {isa = PBXBuildFile; fileRef = BFC8621D1F73335A006F0131 /* ex2512.cpp */; };
		BFC862201F733B79006F0131 /* ex2513.cpp in Sources */ = {isa = PBXBuildFile; fileRef = BFC8621F1F733B79006F0131 /* ex2513.cpp */; };
		BFC862221F733CED006F0131 /* ex2514.cpp in Sources */ = {isa = PBXBuildFile; fileRef = BFC862211F733CED006F0131 /* ex2514.cpp */; };
		BFC862241F734BC1006F0131 /* ex2515.cpp in Sources */ = {isa = PBXBuildFile; fileRef = BFC862231F734BC1006F0131 /* ex2515.cpp */; };
		BFC862271F73538D006F0131 /* test.cpp in Sources */ = {isa = PBXBuildFile; fileRef = BFC862261F73538D006F0131 /* test.cpp */; };
		BFC862291F7353B0006F0131 /* main.cpp in Sources */ = {isa = PBXBuildFile; fileRef = BFC862281F7353B0006F0131 /* main.cpp */; };
		BFC862311F7AF261006F0131 /* trapeAndSimp.cpp in Sources */ = {isa = PBXBuildFile; fileRef = BFC862301F7AF261006F0131 /* trapeAndSimp.cpp */; };
		BFC862331F7B2DC7006F0131 /* ex3141.cpp in Sources */ = {isa = PBXBuildFile; fileRef = BFC862321F7B2DC7006F0131 /* ex3141.cpp */; };
		BFC862351F7B357A006F0131 /* ex3142.cpp in Sources */ = {isa = PBXBuildFile; fileRef = BFC862341F7B357A006F0131 /* ex3142.cpp */; };
		BFC862371F7B395A006F0131 /* ex3143.cpp in Sources */ = {isa = PBXBuildFile; fileRef = BFC862361F7B395A006F0131 /* ex3143.cpp */; };
		BFC862391F7B3CE9006F0131 /* ex3144.cpp in Sources */ = {isa = PBXBuildFile; fileRef = BFC862381F7B3CE9006F0131 /* ex3144.cpp */; };
		BFC8623D1F7B4766006F0131 /* ex3146.cpp in Sources */ = {isa = PBXBuildFile; fileRef = BFC8623C1F7B4766006F0131 /* ex3146.cpp */; };
		BFC8623F1F7B481E006F0131 /* ex3145.cpp in Sources */ = {isa = PBXBuildFile; fileRef = BFC8623E1F7B481E006F0131 /* ex3145.cpp */; };
		BFC862411F7B4AE1006F0131 /* ex3147.cpp in Sources */ = {isa = PBXBuildFile; fileRef = BFC862401F7B4AE1006F0131 /* ex3147.cpp */; };
		BFC8624A1F80A13F006F0131 /* NamespaceAlias.cpp in Sources */ = {isa = PBXBuildFile; fileRef = BFC862491F80A13F006F0131 /* NamespaceAlias.cpp */; };
		BFC8624C1F80A1E2006F0131 /* main.cpp in Sources */ = {isa = PBXBuildFile; fileRef = BFC8624B1F80A1E2006F0131 /* main.cpp */; };
		BFC862541F82F7C5006F0131 /* ErrorNo.cpp in Sources */ = {isa = PBXBuildFile; fileRef = BFC862531F82F7C5006F0131 /* ErrorNo.cpp */; };
		BFC862561F83016E006F0131 /* evalHorner.cpp in Sources */ = {isa = PBXBuildFile; fileRef = BFC862551F83016E006F0131 /* evalHorner.cpp */; };
		BFC8625A1F857B20006F0131 /* ZeroInitialization.cpp in Sources */ = {isa = PBXBuildFile; fileRef = BFC862591F857B20006F0131 /* ZeroInitialization.cpp */; };
		BFC8625C1F857E04006F0131 /* file1.cpp in Sources */ = {isa = PBXBuildFile; fileRef = BFC8625B1F857E04006F0131 /* file1.cpp */; };
		BFC8625E1F857E26006F0131 /* file2.cpp in Sources */ = {isa = PBXBuildFile; fileRef = BFC8625D1F857E26006F0131 /* file2.cpp */; };
		BFC862601F858431006F0131 /* file3.cpp in Sources */ = {isa = PBXBuildFile; fileRef = BFC8625F1F858431006F0131 /* file3.cpp */; };
		BFC862621F858450006F0131 /* file4.cpp in Sources */ = {isa = PBXBuildFile; fileRef = BFC862611F858450006F0131 /* file4.cpp */; };
		BFC862651F859618006F0131 /* file10.cpp in Sources */ = {isa = PBXBuildFile; fileRef = BFC862641F859618006F0131 /* file10.cpp */; };
		BFC862671F85962B006F0131 /* file11.cpp in Sources */ = {isa = PBXBuildFile; fileRef = BFC862661F85962B006F0131 /* file11.cpp */; };
		BFC862691F85A75A006F0131 /* CodeProfiling.cpp in Sources */ = {isa = PBXBuildFile; fileRef = BFC862681F85A75A006F0131 /* CodeProfiling.cpp */; };
		BFC8626B1F85BF53006F0131 /* SortRand.cpp in Sources */ = {isa = PBXBuildFile; fileRef = BFC8626A1F85BF53006F0131 /* SortRand.cpp */; };
		BFC8626D1F85D7C3006F0131 /* ConsoleArgument.cpp in Sources */ = {isa = PBXBuildFile; fileRef = BFC8626C1F85D7C3006F0131 /* ConsoleArgument.cpp */; };
		BFC8628C1F89785C006F0131 /* ArithmeticTest.cpp in Sources */ = {isa = PBXBuildFile; fileRef = BFC8628B1F89785C006F0131 /* ArithmeticTest.cpp */; };
		BFC862A01F8C324A006F0131 /* StringExample1.cpp in Sources */ = {isa = PBXBuildFile; fileRef = BFC8629F1F8C324A006F0131 /* StringExample1.cpp */; };
		BFC862A21F8C40B7006F0131 /* StringExample2.cpp in Sources */ = {isa = PBXBuildFile; fileRef = BFC862A11F8C40B7006F0131 /* StringExample2.cpp */; };
		BFC862A41F8C4566006F0131 /* StringExample3.cpp in Sources */ = {isa = PBXBuildFile; fileRef = BFC862A31F8C4566006F0131 /* StringExample3.cpp */; };
		BFC862A61F8C4B1A006F0131 /* StringExample4.cpp in Sources */ = {isa = PBXBuildFile; fileRef = BFC862A51F8C4B1A006F0131 /* StringExample4.cpp */; };
		BFC862A81F8C52F4006F0131 /* StringExample5.cpp in Sources */ = {isa = PBXBuildFile; fileRef = BFC862A71F8C52F4006F0131 /* StringExample5.cpp */; };
		BFC862AA1F8C54BA006F0131 /* StringExample6.cpp in Sources */ = {isa = PBXBuildFile; fileRef = BFC862A91F8C54BA006F0131 /* StringExample6.cpp */; };
		BFC862AC1F8C57B7006F0131 /* StreamExample1.cpp in Sources */ = {isa = PBXBuildFile; fileRef = BFC862AB1F8C57B7006F0131 /* StreamExample1.cpp */; };
		BFC862AE1F950522006F0131 /* StreamExample2.cpp in Sources */ = {isa = PBXBuildFile; fileRef = BFC862AD1F950522006F0131 /* StreamExample2.cpp */; };
		BFC862B01F950AF7006F0131 /* StreamExample3.cpp in Sources */ = {isa = PBXBuildFile; fileRef = BFC862AF1F950AF7006F0131 /* StreamExample3.cpp */; };
		BFC862B21F9511C9006F0131 /* StreamExample4.cpp in Sources */ = {isa = PBXBuildFile; fileRef = BFC862B11F9511C9006F0131 /* StreamExample4.cpp */; };
		BFC862B41F95154D006F0131 /* StreamExample5.cpp in Sources */ = {isa = PBXBuildFile; fileRef = BFC862B31F95154D006F0131 /* StreamExample5.cpp */; };
		BFC862B61F951BB4006F0131 /* StreamExample6.cpp in Sources */ = {isa = PBXBuildFile; fileRef = BFC862B51F951BB4006F0131 /* StreamExample6.cpp */; };
		BFC862B81F952768006F0131 /* StreamExample7.cpp in Sources */ = {isa = PBXBuildFile; fileRef = BFC862B71F952768006F0131 /* StreamExample7.cpp */; };
		BFC862BA1F95399D006F0131 /* StreamExample8.cpp in Sources */ = {isa = PBXBuildFile; fileRef = BFC862B91F95399D006F0131 /* StreamExample8.cpp */; };
		BFC862BC1F9541F6006F0131 /* StreamExample9.cpp in Sources */ = {isa = PBXBuildFile; fileRef = BFC862BB1F9541F6006F0131 /* StreamExample9.cpp */; };
		BFC862C01F95471A006F0131 /* StreamExample10.cpp in Sources */ = {isa = PBXBuildFile; fileRef = BFC862BF1F95471A006F0131 /* StreamExample10.cpp */; };
		BFC862C21F954EC3006F0131 /* StreamExample11.cpp in Sources */ = {isa = PBXBuildFile; fileRef = BFC862C11F954EC3006F0131 /* StreamExample11.cpp */; };
		BFC862C41F95552A006F0131 /* StreamExample12.cpp in Sources */ = {isa = PBXBuildFile; fileRef = BFC862C31F955529006F0131 /* StreamExample12.cpp */; };
		BFC862C61F97E7D3006F0131 /* BisectionMethod.cpp in Sources */ = {isa = PBXBuildFile; fileRef = BFC862C51F97E7D3006F0131 /* BisectionMethod.cpp */; };
		BFC862C91F97EA83006F0131 /* BisectionMethodTest.cpp in Sources */ = {isa = PBXBuildFile; fileRef = BFC862C81F97EA83006F0131 /* BisectionMethodTest.cpp */; };
/* End PBXBuildFile section */

/* Begin PBXCopyFilesBuildPhase section */
		BFC307311F6A129500774AA8 /* CopyFiles */ = {
			isa = PBXCopyFilesBuildPhase;
			buildActionMask = 2147483647;
			dstPath = /usr/share/man/man1/;
			dstSubfolderSpec = 0;
			files = (
			);
			runOnlyForDeploymentPostprocessing = 1;
		};
/* End PBXCopyFilesBuildPhase section */

/* Begin PBXFileReference section */
		BF1FA8BA1FDE0A420028DF8B /* ex5102.cpp */ = {isa = PBXFileReference; fileEncoding = 4; lastKnownFileType = sourcecode.cpp.cpp; name = ex5102.cpp; path = Chapter5/ex5102.cpp; sourceTree = "<group>"; };
		BF34E36D202D57750065812C /* ex7.9.3.cpp */ = {isa = PBXFileReference; fileEncoding = 4; lastKnownFileType = sourcecode.cpp.cpp; name = ex7.9.3.cpp; path = Chapter7/ex7.9.3.cpp; sourceTree = "<group>"; };
		BF34E36F202D6F380065812C /* ex7.9.15.cpp */ = {isa = PBXFileReference; fileEncoding = 4; lastKnownFileType = sourcecode.cpp.cpp; name = ex7.9.15.cpp; path = Chapter7/ex7.9.15.cpp; sourceTree = "<group>"; };
		BF34E378202F920E0065812C /* ex8.7.3.cpp */ = {isa = PBXFileReference; fileEncoding = 4; lastKnownFileType = sourcecode.cpp.cpp; name = ex8.7.3.cpp; path = Chapter8/ex8.7.3.cpp; sourceTree = "<group>"; };
		BF34E37E2030BBDD0065812C /* ex8.7.4.cpp */ = {isa = PBXFileReference; fileEncoding = 4; lastKnownFileType = sourcecode.cpp.cpp; name = ex8.7.4.cpp; path = Chapter8/ex8.7.4.cpp; sourceTree = "<group>"; };
		BF34E3802030C5EA0065812C /* ex8.7.1.cpp */ = {isa = PBXFileReference; fileEncoding = 4; lastKnownFileType = sourcecode.cpp.cpp; name = ex8.7.1.cpp; path = Chapter8/ex8.7.1.cpp; sourceTree = "<group>"; };
		BF34E38320311ABE0065812C /* ex9.6.2.cpp */ = {isa = PBXFileReference; fileEncoding = 4; lastKnownFileType = sourcecode.cpp.cpp; name = ex9.6.2.cpp; path = Chapter9_10/ex9.6.2.cpp; sourceTree = "<group>"; };
		BF34E38520312C800065812C /* Vcr.cpp */ = {isa = PBXFileReference; fileEncoding = 4; lastKnownFileType = sourcecode.cpp.cpp; name = Vcr.cpp; path = Chapter9_10/Vcr.cpp; sourceTree = "<group>"; };
		BF34E38620312C800065812C /* Vcr.h */ = {isa = PBXFileReference; fileEncoding = 4; lastKnownFileType = sourcecode.c.h; name = Vcr.h; path = Chapter9_10/Vcr.h; sourceTree = "<group>"; };
		BF34E38820312D890065812C /* Exception.h */ = {isa = PBXFileReference; lastKnownFileType = sourcecode.c.h; name = Exception.h; path = Chapter9_10/Exception.h; sourceTree = "<group>"; };
		BF34E3892031576E0065812C /* ex10.4.1.cpp */ = {isa = PBXFileReference; fileEncoding = 4; lastKnownFileType = sourcecode.cpp.cpp; name = ex10.4.1.cpp; path = Chapter9_10/ex10.4.1.cpp; sourceTree = "<group>"; };
		BF4A8D68201FF27B002B1B6E /* ex7.9.1.cpp */ = {isa = PBXFileReference; fileEncoding = 4; lastKnownFileType = sourcecode.cpp.cpp; name = ex7.9.1.cpp; path = Chapter7/ex7.9.1.cpp; sourceTree = "<group>"; };
		BF4A8D6A201FFA4C002B1B6E /* Vcr.cpp */ = {isa = PBXFileReference; fileEncoding = 4; lastKnownFileType = sourcecode.cpp.cpp; name = Vcr.cpp; path = Chapter7/Vcr.cpp; sourceTree = "<group>"; };
		BF4A8D6B201FFA4C002B1B6E /* Vcr.h */ = {isa = PBXFileReference; fileEncoding = 4; lastKnownFileType = sourcecode.c.h; name = Vcr.h; path = Chapter7/Vcr.h; sourceTree = "<group>"; };
		BF4A8D6D2020E751002B1B6E /* Mtx.cpp */ = {isa = PBXFileReference; fileEncoding = 4; lastKnownFileType = sourcecode.cpp.cpp; name = Mtx.cpp; path = Chapter7/Mtx.cpp; sourceTree = "<group>"; };
		BF4A8D6E2020E751002B1B6E /* Mtx.h */ = {isa = PBXFileReference; fileEncoding = 4; lastKnownFileType = sourcecode.c.h; name = Mtx.h; path = Chapter7/Mtx.h; sourceTree = "<group>"; };
		BF6E56061FBFADA400C1B46F /* test.cpp */ = {isa = PBXFileReference; fileEncoding = 4; lastKnownFileType = sourcecode.cpp.cpp; name = test.cpp; path = Chapter5/test.cpp; sourceTree = "<group>"; };
		BF6E56081FBFAE9100C1B46F /* cmplx.h */ = {isa = PBXFileReference; lastKnownFileType = sourcecode.c.h; name = cmplx.h; path = Chapter5/cmplx.h; sourceTree = "<group>"; };
		BF6E560B1FC8EDA000C1B46F /* virtual.cp */ = {isa = PBXFileReference; fileEncoding = 4; lastKnownFileType = sourcecode.cpp.cpp; name = virtual.cp; path = Chapter5/virtual.cp; sourceTree = "<group>"; };
		BF6E560D1FCCEAC900C1B46F /* ex481.cpp */ = {isa = PBXFileReference; fileEncoding = 4; lastKnownFileType = sourcecode.cpp.cpp; name = ex481.cpp; path = Chapter4/ex481.cpp; sourceTree = "<group>"; };
		BF6E560F1FCD317D00C1B46F /* ex483.cpp */ = {isa = PBXFileReference; fileEncoding = 4; lastKnownFileType = sourcecode.cpp.cpp; name = ex483.cpp; path = Chapter4/ex483.cpp; sourceTree = "<group>"; };
		BF6E56111FCD37CB00C1B46F /* ex488.cpp */ = {isa = PBXFileReference; fileEncoding = 4; lastKnownFileType = sourcecode.cpp.cpp; name = ex488.cpp; path = Chapter4/ex488.cpp; sourceTree = "<group>"; };
		BF8C093C1F6A2FE7007438AD /* exercise162b.cpp */ = {isa = PBXFileReference; fileEncoding = 4; lastKnownFileType = sourcecode.cpp.cpp; path = exercise162b.cpp; sourceTree = "<group>"; };
		BF8C093E1F6A319E007438AD /* exercise163.cpp */ = {isa = PBXFileReference; fileEncoding = 4; lastKnownFileType = sourcecode.cpp.cpp; path = exercise163.cpp; sourceTree = "<group>"; };
		BF8C09401F6A32CE007438AD /* exercise163b.cpp */ = {isa = PBXFileReference; fileEncoding = 4; lastKnownFileType = sourcecode.cpp.cpp; path = exercise163b.cpp; sourceTree = "<group>"; };
		BF8C09421F6A337F007438AD /* exercise164.cpp */ = {isa = PBXFileReference; fileEncoding = 4; lastKnownFileType = sourcecode.cpp.cpp; path = exercise164.cpp; sourceTree = "<group>"; };
		BF8C09441F6A3647007438AD /* exercise165.cpp */ = {isa = PBXFileReference; fileEncoding = 4; lastKnownFileType = sourcecode.cpp.cpp; path = exercise165.cpp; sourceTree = "<group>"; };
		BF8C09461F6A3AB2007438AD /* exercise166.cpp */ = {isa = PBXFileReference; fileEncoding = 4; lastKnownFileType = sourcecode.cpp.cpp; path = exercise166.cpp; sourceTree = "<group>"; };
		BF8C09481F6A3BB8007438AD /* exercise167.cpp */ = {isa = PBXFileReference; fileEncoding = 4; lastKnownFileType = sourcecode.cpp.cpp; path = exercise167.cpp; sourceTree = "<group>"; };
		BF8C094A1F6A3D75007438AD /* exercise169.cpp */ = {isa = PBXFileReference; fileEncoding = 4; lastKnownFileType = sourcecode.cpp.cpp; path = exercise169.cpp; sourceTree = "<group>"; };
		BF8C094C1F6A3E42007438AD /* exercise1610.cpp */ = {isa = PBXFileReference; fileEncoding = 4; lastKnownFileType = sourcecode.cpp.cpp; path = exercise1610.cpp; sourceTree = "<group>"; };
		BF8C094F1F6A3FE8007438AD /* exercise1611.cpp */ = {isa = PBXFileReference; fileEncoding = 4; lastKnownFileType = sourcecode.cpp.cpp; path = exercise1611.cpp; sourceTree = "<group>"; };
		BF8C09511F6A40A4007438AD /* exercise1612.cpp */ = {isa = PBXFileReference; fileEncoding = 4; lastKnownFileType = sourcecode.cpp.cpp; path = exercise1612.cpp; sourceTree = "<group>"; };
		BFBA08261F9955E50055DCAB /* NewtonsMethod.cpp */ = {isa = PBXFileReference; fileEncoding = 4; lastKnownFileType = sourcecode.cpp.cpp; name = NewtonsMethod.cpp; path = Chapter4/NewtonsMethod.cpp; sourceTree = "<group>"; };
		BFBA08281FA1215A0055DCAB /* ex3148.cpp */ = {isa = PBXFileReference; fileEncoding = 4; lastKnownFileType = sourcecode.cpp.cpp; name = ex3148.cpp; path = Chapter3/ex3148.cpp; sourceTree = "<group>"; };
		BFBA082A1FA126DD0055DCAB /* ex3149.cpp */ = {isa = PBXFileReference; fileEncoding = 4; lastKnownFileType = sourcecode.cpp.cpp; name = ex3149.cpp; path = Chapter3/ex3149.cpp; sourceTree = "<group>"; };
		BFBA082C1FA12B4A0055DCAB /* ex31410.cpp */ = {isa = PBXFileReference; fileEncoding = 4; lastKnownFileType = sourcecode.cpp.cpp; name = ex31410.cpp; path = Chapter3/ex31410.cpp; sourceTree = "<group>"; };
		BFBA082E1FA149EB0055DCAB /* ex31411.cpp */ = {isa = PBXFileReference; fileEncoding = 4; lastKnownFileType = sourcecode.cpp.cpp; name = ex31411.cpp; path = Chapter3/ex31411.cpp; sourceTree = "<group>"; };
		BFBA08301FA150A60055DCAB /* ex31412.cpp */ = {isa = PBXFileReference; fileEncoding = 4; lastKnownFileType = sourcecode.cpp.cpp; name = ex31412.cpp; path = Chapter3/ex31412.cpp; sourceTree = "<group>"; };
		BFBA08321FA166580055DCAB /* ex31413.cpp */ = {isa = PBXFileReference; fileEncoding = 4; lastKnownFileType = sourcecode.cpp.cpp; name = ex31413.cpp; path = Chapter3/ex31413.cpp; sourceTree = "<group>"; };
		BFBA08341FA177980055DCAB /* ex31414.cpp */ = {isa = PBXFileReference; fileEncoding = 4; lastKnownFileType = sourcecode.cpp.cpp; name = ex31414.cpp; path = Chapter3/ex31414.cpp; sourceTree = "<group>"; };
		BFBA08361FA182BE0055DCAB /* ex31415.cpp */ = {isa = PBXFileReference; fileEncoding = 4; lastKnownFileType = sourcecode.cpp.cpp; name = ex31415.cpp; path = Chapter3/ex31415.cpp; sourceTree = "<group>"; };
		BFC020521FFAF3A400143BF3 /* Cmpx.cpp */ = {isa = PBXFileReference; fileEncoding = 4; lastKnownFileType = sourcecode.cpp.cpp; name = Cmpx.cpp; path = Chapter6/Cmpx.cpp; sourceTree = "<group>"; };
		BFC020531FFAF3A400143BF3 /* Cmpx.h */ = {isa = PBXFileReference; fileEncoding = 4; lastKnownFileType = sourcecode.c.h; name = Cmpx.h; path = Chapter6/Cmpx.h; sourceTree = "<group>"; };
		BFC307331F6A129500774AA8 /* Cpp4Engineers */ = {isa = PBXFileReference; explicitFileType = "compiled.mach-o.executable"; includeInIndex = 0; path = Cpp4Engineers; sourceTree = BUILT_PRODUCTS_DIR; };
		BFC307361F6A129500774AA8 /* main.cpp */ = {isa = PBXFileReference; lastKnownFileType = sourcecode.cpp.cpp; path = main.cpp; sourceTree = "<group>"; };
		BFC3073D1F6A16A100774AA8 /* example161.cpp */ = {isa = PBXFileReference; fileEncoding = 4; lastKnownFileType = sourcecode.cpp.cpp; path = example161.cpp; sourceTree = "<group>"; };
		BFC3073F1F6A1D0700774AA8 /* exercise162.cpp */ = {isa = PBXFileReference; fileEncoding = 4; lastKnownFileType = sourcecode.cpp.cpp; path = exercise162.cpp; sourceTree = "<group>"; };
		BFC862001F70BAA0006F0131 /* exercise168.cpp */ = {isa = PBXFileReference; fileEncoding = 4; lastKnownFileType = sourcecode.cpp.cpp; path = exercise168.cpp; sourceTree = "<group>"; };
		BFC862051F73014E006F0131 /* fibonacci.cpp */ = {isa = PBXFileReference; fileEncoding = 4; lastKnownFileType = sourcecode.cpp.cpp; path = fibonacci.cpp; sourceTree = "<group>"; };
		BFC862071F7303E4006F0131 /* ex251.cpp */ = {isa = PBXFileReference; fileEncoding = 4; lastKnownFileType = sourcecode.cpp.cpp; path = ex251.cpp; sourceTree = "<group>"; };
		BFC862091F730A64006F0131 /* ex252.cpp */ = {isa = PBXFileReference; fileEncoding = 4; lastKnownFileType = sourcecode.cpp.cpp; path = ex252.cpp; sourceTree = "<group>"; };
		BFC8620B1F731395006F0131 /* ex253.cpp */ = {isa = PBXFileReference; fileEncoding = 4; lastKnownFileType = sourcecode.cpp.cpp; path = ex253.cpp; sourceTree = "<group>"; };
		BFC8620D1F731490006F0131 /* ex254.cpp */ = {isa = PBXFileReference; fileEncoding = 4; lastKnownFileType = sourcecode.cpp.cpp; path = ex254.cpp; sourceTree = "<group>"; };
		BFC8620F1F7317A4006F0131 /* ex255.cpp */ = {isa = PBXFileReference; fileEncoding = 4; lastKnownFileType = sourcecode.cpp.cpp; path = ex255.cpp; sourceTree = "<group>"; };
		BFC862111F732356006F0131 /* ex256.cpp */ = {isa = PBXFileReference; fileEncoding = 4; lastKnownFileType = sourcecode.cpp.cpp; path = ex256.cpp; sourceTree = "<group>"; };
		BFC862131F732497006F0131 /* ex257.cpp */ = {isa = PBXFileReference; fileEncoding = 4; lastKnownFileType = sourcecode.cpp.cpp; path = ex257.cpp; sourceTree = "<group>"; };
		BFC862151F7325D0006F0131 /* ex258.cpp */ = {isa = PBXFileReference; fileEncoding = 4; lastKnownFileType = sourcecode.cpp.cpp; path = ex258.cpp; sourceTree = "<group>"; };
		BFC862171F73299F006F0131 /* ex259.cpp */ = {isa = PBXFileReference; fileEncoding = 4; lastKnownFileType = sourcecode.cpp.cpp; path = ex259.cpp; sourceTree = "<group>"; };
		BFC862191F732CE3006F0131 /* ex2510.cpp */ = {isa = PBXFileReference; fileEncoding = 4; lastKnownFileType = sourcecode.cpp.cpp; path = ex2510.cpp; sourceTree = "<group>"; };
		BFC8621B1F733192006F0131 /* ex2511.cpp */ = {isa = PBXFileReference; fileEncoding = 4; lastKnownFileType = sourcecode.cpp.cpp; path = ex2511.cpp; sourceTree = "<group>"; };
		BFC8621D1F73335A006F0131 /* ex2512.cpp */ = {isa = PBXFileReference; fileEncoding = 4; lastKnownFileType = sourcecode.cpp.cpp; path = ex2512.cpp; sourceTree = "<group>"; };
		BFC8621F1F733B79006F0131 /* ex2513.cpp */ = {isa = PBXFileReference; fileEncoding = 4; lastKnownFileType = sourcecode.cpp.cpp; path = ex2513.cpp; sourceTree = "<group>"; };
		BFC862211F733CED006F0131 /* ex2514.cpp */ = {isa = PBXFileReference; fileEncoding = 4; lastKnownFileType = sourcecode.cpp.cpp; path = ex2514.cpp; sourceTree = "<group>"; };
		BFC862231F734BC1006F0131 /* ex2515.cpp */ = {isa = PBXFileReference; fileEncoding = 4; lastKnownFileType = sourcecode.cpp.cpp; path = ex2515.cpp; sourceTree = "<group>"; };
		BFC862261F73538D006F0131 /* test.cpp */ = {isa = PBXFileReference; fileEncoding = 4; lastKnownFileType = sourcecode.cpp.cpp; path = test.cpp; sourceTree = "<group>"; };
		BFC862281F7353B0006F0131 /* main.cpp */ = {isa = PBXFileReference; fileEncoding = 4; lastKnownFileType = sourcecode.cpp.cpp; name = main.cpp; path = Chapter3/main.cpp; sourceTree = "<group>"; };
		BFC862301F7AF261006F0131 /* trapeAndSimp.cpp */ = {isa = PBXFileReference; fileEncoding = 4; lastKnownFileType = sourcecode.cpp.cpp; name = trapeAndSimp.cpp; path = Chapter3/trapeAndSimp.cpp; sourceTree = "<group>"; };
		BFC862321F7B2DC7006F0131 /* ex3141.cpp */ = {isa = PBXFileReference; fileEncoding = 4; lastKnownFileType = sourcecode.cpp.cpp; name = ex3141.cpp; path = Chapter3/ex3141.cpp; sourceTree = "<group>"; };
		BFC862341F7B357A006F0131 /* ex3142.cpp */ = {isa = PBXFileReference; fileEncoding = 4; lastKnownFileType = sourcecode.cpp.cpp; name = ex3142.cpp; path = Chapter3/ex3142.cpp; sourceTree = "<group>"; };
		BFC862361F7B395A006F0131 /* ex3143.cpp */ = {isa = PBXFileReference; fileEncoding = 4; lastKnownFileType = sourcecode.cpp.cpp; name = ex3143.cpp; path = Chapter3/ex3143.cpp; sourceTree = "<group>"; };
		BFC862381F7B3CE9006F0131 /* ex3144.cpp */ = {isa = PBXFileReference; fileEncoding = 4; lastKnownFileType = sourcecode.cpp.cpp; name = ex3144.cpp; path = Chapter3/ex3144.cpp; sourceTree = "<group>"; };
		BFC8623C1F7B4766006F0131 /* ex3146.cpp */ = {isa = PBXFileReference; fileEncoding = 4; lastKnownFileType = sourcecode.cpp.cpp; name = ex3146.cpp; path = Chapter3/ex3146.cpp; sourceTree = "<group>"; };
		BFC8623E1F7B481E006F0131 /* ex3145.cpp */ = {isa = PBXFileReference; fileEncoding = 4; lastKnownFileType = sourcecode.cpp.cpp; name = ex3145.cpp; path = Chapter3/ex3145.cpp; sourceTree = "<group>"; };
		BFC862401F7B4AE1006F0131 /* ex3147.cpp */ = {isa = PBXFileReference; fileEncoding = 4; lastKnownFileType = sourcecode.cpp.cpp; name = ex3147.cpp; path = Chapter3/ex3147.cpp; sourceTree = "<group>"; };
		BFC862491F80A13F006F0131 /* NamespaceAlias.cpp */ = {isa = PBXFileReference; fileEncoding = 4; lastKnownFileType = sourcecode.cpp.cpp; name = NamespaceAlias.cpp; path = Chapter4/NamespaceAlias.cpp; sourceTree = "<group>"; };
		BFC8624B1F80A1E2006F0131 /* main.cpp */ = {isa = PBXFileReference; fileEncoding = 4; lastKnownFileType = sourcecode.cpp.cpp; name = main.cpp; path = Chapter4/main.cpp; sourceTree = "<group>"; };
		BFC862531F82F7C5006F0131 /* ErrorNo.cpp */ = {isa = PBXFileReference; fileEncoding = 4; lastKnownFileType = sourcecode.cpp.cpp; name = ErrorNo.cpp; path = Chapter3/ErrorNo.cpp; sourceTree = "<group>"; };
		BFC862551F83016E006F0131 /* evalHorner.cpp */ = {isa = PBXFileReference; fileEncoding = 4; lastKnownFileType = sourcecode.cpp.cpp; name = evalHorner.cpp; path = Chapter3/evalHorner.cpp; sourceTree = "<group>"; };
		BFC862591F857B20006F0131 /* ZeroInitialization.cpp */ = {isa = PBXFileReference; fileEncoding = 4; lastKnownFileType = sourcecode.cpp.cpp; name = ZeroInitialization.cpp; path = Chapter4/ZeroInitialization.cpp; sourceTree = "<group>"; };
		BFC8625B1F857E04006F0131 /* file1.cpp */ = {isa = PBXFileReference; fileEncoding = 4; lastKnownFileType = sourcecode.cpp.cpp; name = file1.cpp; path = Chapter4/file1.cpp; sourceTree = "<group>"; };
		BFC8625D1F857E26006F0131 /* file2.cpp */ = {isa = PBXFileReference; fileEncoding = 4; lastKnownFileType = sourcecode.cpp.cpp; name = file2.cpp; path = Chapter4/file2.cpp; sourceTree = "<group>"; };
		BFC8625F1F858431006F0131 /* file3.cpp */ = {isa = PBXFileReference; fileEncoding = 4; lastKnownFileType = sourcecode.cpp.cpp; name = file3.cpp; path = Chapter4/file3.cpp; sourceTree = "<group>"; };
		BFC862611F858450006F0131 /* file4.cpp */ = {isa = PBXFileReference; fileEncoding = 4; lastKnownFileType = sourcecode.cpp.cpp; name = file4.cpp; path = Chapter4/file4.cpp; sourceTree = "<group>"; };
		BFC862631F8594FE006F0131 /* file9.h */ = {isa = PBXFileReference; lastKnownFileType = sourcecode.c.h; name = file9.h; path = Chapter4/file9.h; sourceTree = "<group>"; };
		BFC862641F859618006F0131 /* file10.cpp */ = {isa = PBXFileReference; fileEncoding = 4; lastKnownFileType = sourcecode.cpp.cpp; name = file10.cpp; path = Chapter4/file10.cpp; sourceTree = "<group>"; };
		BFC862661F85962B006F0131 /* file11.cpp */ = {isa = PBXFileReference; fileEncoding = 4; lastKnownFileType = sourcecode.cpp.cpp; name = file11.cpp; path = Chapter4/file11.cpp; sourceTree = "<group>"; };
		BFC862681F85A75A006F0131 /* CodeProfiling.cpp */ = {isa = PBXFileReference; fileEncoding = 4; lastKnownFileType = sourcecode.cpp.cpp; name = CodeProfiling.cpp; path = Chapter4/CodeProfiling.cpp; sourceTree = "<group>"; };
		BFC8626A1F85BF53006F0131 /* SortRand.cpp */ = {isa = PBXFileReference; fileEncoding = 4; lastKnownFileType = sourcecode.cpp.cpp; name = SortRand.cpp; path = Chapter4/SortRand.cpp; sourceTree = "<group>"; };
		BFC8626C1F85D7C3006F0131 /* ConsoleArgument.cpp */ = {isa = PBXFileReference; fileEncoding = 4; lastKnownFileType = sourcecode.cpp.cpp; name = ConsoleArgument.cpp; path = Chapter4/ConsoleArgument.cpp; sourceTree = "<group>"; };
		BFC8628B1F89785C006F0131 /* ArithmeticTest.cpp */ = {isa = PBXFileReference; fileEncoding = 4; lastKnownFileType = sourcecode.cpp.cpp; name = ArithmeticTest.cpp; path = Chapter4/ArithmeticTest.cpp; sourceTree = "<group>"; };
		BFC8629F1F8C324A006F0131 /* StringExample1.cpp */ = {isa = PBXFileReference; fileEncoding = 4; lastKnownFileType = sourcecode.cpp.cpp; name = StringExample1.cpp; path = Chapter4/StringExample1.cpp; sourceTree = "<group>"; };
		BFC862A11F8C40B7006F0131 /* StringExample2.cpp */ = {isa = PBXFileReference; fileEncoding = 4; lastKnownFileType = sourcecode.cpp.cpp; name = StringExample2.cpp; path = Chapter4/StringExample2.cpp; sourceTree = "<group>"; };
		BFC862A31F8C4566006F0131 /* StringExample3.cpp */ = {isa = PBXFileReference; fileEncoding = 4; lastKnownFileType = sourcecode.cpp.cpp; name = StringExample3.cpp; path = Chapter4/StringExample3.cpp; sourceTree = "<group>"; };
		BFC862A51F8C4B1A006F0131 /* StringExample4.cpp */ = {isa = PBXFileReference; fileEncoding = 4; lastKnownFileType = sourcecode.cpp.cpp; name = StringExample4.cpp; path = Chapter4/StringExample4.cpp; sourceTree = "<group>"; };
		BFC862A71F8C52F4006F0131 /* StringExample5.cpp */ = {isa = PBXFileReference; fileEncoding = 4; lastKnownFileType = sourcecode.cpp.cpp; name = StringExample5.cpp; path = Chapter4/StringExample5.cpp; sourceTree = "<group>"; };
		BFC862A91F8C54BA006F0131 /* StringExample6.cpp */ = {isa = PBXFileReference; fileEncoding = 4; lastKnownFileType = sourcecode.cpp.cpp; name = StringExample6.cpp; path = Chapter4/StringExample6.cpp; sourceTree = "<group>"; };
		BFC862AB1F8C57B7006F0131 /* StreamExample1.cpp */ = {isa = PBXFileReference; fileEncoding = 4; lastKnownFileType = sourcecode.cpp.cpp; name = StreamExample1.cpp; path = Chapter4/StreamExample1.cpp; sourceTree = "<group>"; };
		BFC862AD1F950522006F0131 /* StreamExample2.cpp */ = {isa = PBXFileReference; fileEncoding = 4; lastKnownFileType = sourcecode.cpp.cpp; name = StreamExample2.cpp; path = Chapter4/StreamExample2.cpp; sourceTree = "<group>"; };
		BFC862AF1F950AF7006F0131 /* StreamExample3.cpp */ = {isa = PBXFileReference; fileEncoding = 4; lastKnownFileType = sourcecode.cpp.cpp; name = StreamExample3.cpp; path = Chapter4/StreamExample3.cpp; sourceTree = "<group>"; };
		BFC862B11F9511C9006F0131 /* StreamExample4.cpp */ = {isa = PBXFileReference; fileEncoding = 4; lastKnownFileType = sourcecode.cpp.cpp; name = StreamExample4.cpp; path = Chapter4/StreamExample4.cpp; sourceTree = "<group>"; };
		BFC862B31F95154D006F0131 /* StreamExample5.cpp */ = {isa = PBXFileReference; fileEncoding = 4; lastKnownFileType = sourcecode.cpp.cpp; name = StreamExample5.cpp; path = Chapter4/StreamExample5.cpp; sourceTree = "<group>"; };
		BFC862B51F951BB4006F0131 /* StreamExample6.cpp */ = {isa = PBXFileReference; fileEncoding = 4; lastKnownFileType = sourcecode.cpp.cpp; name = StreamExample6.cpp; path = Chapter4/StreamExample6.cpp; sourceTree = "<group>"; };
		BFC862B71F952768006F0131 /* StreamExample7.cpp */ = {isa = PBXFileReference; fileEncoding = 4; lastKnownFileType = sourcecode.cpp.cpp; name = StreamExample7.cpp; path = Chapter4/StreamExample7.cpp; sourceTree = "<group>"; };
		BFC862B91F95399D006F0131 /* StreamExample8.cpp */ = {isa = PBXFileReference; fileEncoding = 4; lastKnownFileType = sourcecode.cpp.cpp; name = StreamExample8.cpp; path = Chapter4/StreamExample8.cpp; sourceTree = "<group>"; };
		BFC862BB1F9541F6006F0131 /* StreamExample9.cpp */ = {isa = PBXFileReference; fileEncoding = 4; lastKnownFileType = sourcecode.cpp.cpp; name = StreamExample9.cpp; path = Chapter4/StreamExample9.cpp; sourceTree = "<group>"; };
		BFC862BF1F95471A006F0131 /* StreamExample10.cpp */ = {isa = PBXFileReference; fileEncoding = 4; lastKnownFileType = sourcecode.cpp.cpp; name = StreamExample10.cpp; path = Chapter4/StreamExample10.cpp; sourceTree = "<group>"; };
		BFC862C11F954EC3006F0131 /* StreamExample11.cpp */ = {isa = PBXFileReference; fileEncoding = 4; lastKnownFileType = sourcecode.cpp.cpp; name = StreamExample11.cpp; path = Chapter4/StreamExample11.cpp; sourceTree = "<group>"; };
		BFC862C31F955529006F0131 /* StreamExample12.cpp */ = {isa = PBXFileReference; fileEncoding = 4; lastKnownFileType = sourcecode.cpp.cpp; name = StreamExample12.cpp; path = Chapter4/StreamExample12.cpp; sourceTree = "<group>"; };
		BFC862C51F97E7D3006F0131 /* BisectionMethod.cpp */ = {isa = PBXFileReference; fileEncoding = 4; lastKnownFileType = sourcecode.cpp.cpp; name = BisectionMethod.cpp; path = Chapter4/BisectionMethod.cpp; sourceTree = "<group>"; };
		BFC862C71F97E9AC006F0131 /* BisectionMethod.h */ = {isa = PBXFileReference; lastKnownFileType = sourcecode.c.h; name = BisectionMethod.h; path = Chapter4/BisectionMethod.h; sourceTree = "<group>"; };
		BFC862C81F97EA83006F0131 /* BisectionMethodTest.cpp */ = {isa = PBXFileReference; fileEncoding = 4; lastKnownFileType = sourcecode.cpp.cpp; name = BisectionMethodTest.cpp; path = Chapter4/BisectionMethodTest.cpp; sourceTree = "<group>"; };
/* End PBXFileReference section */

/* Begin PBXFrameworksBuildPhase section */
		BFC307301F6A129500774AA8 /* Frameworks */ = {
			isa = PBXFrameworksBuildPhase;
			buildActionMask = 2147483647;
			files = (
			);
			runOnlyForDeploymentPostprocessing = 0;
		};
/* End PBXFrameworksBuildPhase section */

/* Begin PBXGroup section */
		BF34E374202F8F5F0065812C /* Chapter8 */ = {
			isa = PBXGroup;
			children = (
				BF34E378202F920E0065812C /* ex8.7.3.cpp */,
				BF34E37E2030BBDD0065812C /* ex8.7.4.cpp */,
				BF34E3802030C5EA0065812C /* ex8.7.1.cpp */,
			);
			name = Chapter8;
			sourceTree = "<group>";
		};
		BF34E38220311A710065812C /* Chapter9_10 */ = {
			isa = PBXGroup;
			children = (
				BF34E38320311ABE0065812C /* ex9.6.2.cpp */,
				BF34E38520312C800065812C /* Vcr.cpp */,
				BF34E38620312C800065812C /* Vcr.h */,
				BF34E38820312D890065812C /* Exception.h */,
				BF34E3892031576E0065812C /* ex10.4.1.cpp */,
			);
			name = Chapter9_10;
			sourceTree = "<group>";
		};
		BF4A8D65201FE373002B1B6E /* Chapter7 */ = {
			isa = PBXGroup;
			children = (
				BF4A8D68201FF27B002B1B6E /* ex7.9.1.cpp */,
				BF4A8D6A201FFA4C002B1B6E /* Vcr.cpp */,
				BF4A8D6B201FFA4C002B1B6E /* Vcr.h */,
				BF34E36D202D57750065812C /* ex7.9.3.cpp */,
				BF4A8D6D2020E751002B1B6E /* Mtx.cpp */,
				BF4A8D6E2020E751002B1B6E /* Mtx.h */,
				BF34E36F202D6F380065812C /* ex7.9.15.cpp */,
			);
			name = Chapter7;
			sourceTree = "<group>";
		};
		BF6E56051FBFAD7A00C1B46F /* Chapter5 */ = {
			isa = PBXGroup;
			children = (
				BF6E56061FBFADA400C1B46F /* test.cpp */,
				BF6E560B1FC8EDA000C1B46F /* virtual.cp */,
				BF6E56081FBFAE9100C1B46F /* cmplx.h */,
				BF1FA8BA1FDE0A420028DF8B /* ex5102.cpp */,
			);
			name = Chapter5;
			sourceTree = "<group>";
		};
		BFC020511FFAF34D00143BF3 /* Chapter6 */ = {
			isa = PBXGroup;
			children = (
				BFC020521FFAF3A400143BF3 /* Cmpx.cpp */,
				BFC020531FFAF3A400143BF3 /* Cmpx.h */,
			);
			name = Chapter6;
			sourceTree = "<group>";
		};
		BFC3072A1F6A129500774AA8 = {
			isa = PBXGroup;
			children = (
				BF34E38220311A710065812C /* Chapter9_10 */,
				BF34E374202F8F5F0065812C /* Chapter8 */,
				BF4A8D65201FE373002B1B6E /* Chapter7 */,
				BFC020511FFAF34D00143BF3 /* Chapter6 */,
				BF6E56051FBFAD7A00C1B46F /* Chapter5 */,
				BFC862461F80960C006F0131 /* Chapter4 */,
				BFC862251F735254006F0131 /* Chapter3 */,
				BFC862021F70C73C006F0131 /* Chapter2 */,
				BFC307351F6A129500774AA8 /* Chapter1 */,
				BFC307341F6A129500774AA8 /* Products */,
				BFC862901F897B44006F0131 /* Frameworks */,
			);
			sourceTree = "<group>";
		};
		BFC307341F6A129500774AA8 /* Products */ = {
			isa = PBXGroup;
			children = (
				BFC307331F6A129500774AA8 /* Cpp4Engineers */,
			);
			name = Products;
			sourceTree = "<group>";
		};
		BFC307351F6A129500774AA8 /* Chapter1 */ = {
			isa = PBXGroup;
			children = (
				BFC307361F6A129500774AA8 /* main.cpp */,
				BFC3073D1F6A16A100774AA8 /* example161.cpp */,
				BFC3073F1F6A1D0700774AA8 /* exercise162.cpp */,
				BF8C093C1F6A2FE7007438AD /* exercise162b.cpp */,
				BF8C093E1F6A319E007438AD /* exercise163.cpp */,
				BF8C09401F6A32CE007438AD /* exercise163b.cpp */,
				BF8C09421F6A337F007438AD /* exercise164.cpp */,
				BF8C09441F6A3647007438AD /* exercise165.cpp */,
				BF8C09461F6A3AB2007438AD /* exercise166.cpp */,
				BF8C09481F6A3BB8007438AD /* exercise167.cpp */,
				BFC862001F70BAA0006F0131 /* exercise168.cpp */,
				BF8C094A1F6A3D75007438AD /* exercise169.cpp */,
				BF8C094C1F6A3E42007438AD /* exercise1610.cpp */,
				BF8C094F1F6A3FE8007438AD /* exercise1611.cpp */,
				BF8C09511F6A40A4007438AD /* exercise1612.cpp */,
			);
			path = Chapter1;
			sourceTree = "<group>";
		};
		BFC862021F70C73C006F0131 /* Chapter2 */ = {
			isa = PBXGroup;
			children = (
				BFC862261F73538D006F0131 /* test.cpp */,
				BFC862051F73014E006F0131 /* fibonacci.cpp */,
				BFC862071F7303E4006F0131 /* ex251.cpp */,
				BFC862091F730A64006F0131 /* ex252.cpp */,
				BFC8620B1F731395006F0131 /* ex253.cpp */,
				BFC8620D1F731490006F0131 /* ex254.cpp */,
				BFC8620F1F7317A4006F0131 /* ex255.cpp */,
				BFC862111F732356006F0131 /* ex256.cpp */,
				BFC862131F732497006F0131 /* ex257.cpp */,
				BFC862151F7325D0006F0131 /* ex258.cpp */,
				BFC862171F73299F006F0131 /* ex259.cpp */,
				BFC862191F732CE3006F0131 /* ex2510.cpp */,
				BFC8621B1F733192006F0131 /* ex2511.cpp */,
				BFC8621D1F73335A006F0131 /* ex2512.cpp */,
				BFC8621F1F733B79006F0131 /* ex2513.cpp */,
				BFC862211F733CED006F0131 /* ex2514.cpp */,
				BFC862231F734BC1006F0131 /* ex2515.cpp */,
			);
			path = Chapter2;
			sourceTree = "<group>";
		};
		BFC862251F735254006F0131 /* Chapter3 */ = {
			isa = PBXGroup;
			children = (
				BFC862281F7353B0006F0131 /* main.cpp */,
				BFC862301F7AF261006F0131 /* trapeAndSimp.cpp */,
				BFC862321F7B2DC7006F0131 /* ex3141.cpp */,
				BFC862341F7B357A006F0131 /* ex3142.cpp */,
				BFC862361F7B395A006F0131 /* ex3143.cpp */,
				BFC862381F7B3CE9006F0131 /* ex3144.cpp */,
				BFC8623E1F7B481E006F0131 /* ex3145.cpp */,
				BFC8623C1F7B4766006F0131 /* ex3146.cpp */,
				BFC862401F7B4AE1006F0131 /* ex3147.cpp */,
				BFBA08281FA1215A0055DCAB /* ex3148.cpp */,
				BFBA082A1FA126DD0055DCAB /* ex3149.cpp */,
				BFBA082C1FA12B4A0055DCAB /* ex31410.cpp */,
				BFBA082E1FA149EB0055DCAB /* ex31411.cpp */,
				BFBA08301FA150A60055DCAB /* ex31412.cpp */,
				BFBA08321FA166580055DCAB /* ex31413.cpp */,
				BFBA08341FA177980055DCAB /* ex31414.cpp */,
				BFBA08361FA182BE0055DCAB /* ex31415.cpp */,
				BFC862531F82F7C5006F0131 /* ErrorNo.cpp */,
				BFC862551F83016E006F0131 /* evalHorner.cpp */,
			);
			name = Chapter3;
			sourceTree = "<group>";
		};
		BFC862461F80960C006F0131 /* Chapter4 */ = {
			isa = PBXGroup;
			children = (
				BFC862491F80A13F006F0131 /* NamespaceAlias.cpp */,
				BFC8624B1F80A1E2006F0131 /* main.cpp */,
				BFC8625B1F857E04006F0131 /* file1.cpp */,
				BFC8625D1F857E26006F0131 /* file2.cpp */,
				BFC8625F1F858431006F0131 /* file3.cpp */,
				BFC862611F858450006F0131 /* file4.cpp */,
				BFC862591F857B20006F0131 /* ZeroInitialization.cpp */,
				BFC862631F8594FE006F0131 /* file9.h */,
				BFC862641F859618006F0131 /* file10.cpp */,
				BFC862661F85962B006F0131 /* file11.cpp */,
				BFC862681F85A75A006F0131 /* CodeProfiling.cpp */,
				BFC8626A1F85BF53006F0131 /* SortRand.cpp */,
				BFC8626C1F85D7C3006F0131 /* ConsoleArgument.cpp */,
				BFC8628B1F89785C006F0131 /* ArithmeticTest.cpp */,
				BFC8629F1F8C324A006F0131 /* StringExample1.cpp */,
				BFC862A11F8C40B7006F0131 /* StringExample2.cpp */,
				BFC862A31F8C4566006F0131 /* StringExample3.cpp */,
				BFC862A51F8C4B1A006F0131 /* StringExample4.cpp */,
				BFC862A71F8C52F4006F0131 /* StringExample5.cpp */,
				BFC862A91F8C54BA006F0131 /* StringExample6.cpp */,
				BFC862AB1F8C57B7006F0131 /* StreamExample1.cpp */,
				BFC862AD1F950522006F0131 /* StreamExample2.cpp */,
				BFC862AF1F950AF7006F0131 /* StreamExample3.cpp */,
				BFC862B11F9511C9006F0131 /* StreamExample4.cpp */,
				BFC862B31F95154D006F0131 /* StreamExample5.cpp */,
				BFC862B51F951BB4006F0131 /* StreamExample6.cpp */,
				BFC862B71F952768006F0131 /* StreamExample7.cpp */,
				BFC862B91F95399D006F0131 /* StreamExample8.cpp */,
				BFC862BB1F9541F6006F0131 /* StreamExample9.cpp */,
				BFC862BF1F95471A006F0131 /* StreamExample10.cpp */,
				BFC862C11F954EC3006F0131 /* StreamExample11.cpp */,
				BFC862C31F955529006F0131 /* StreamExample12.cpp */,
				BFC862C71F97E9AC006F0131 /* BisectionMethod.h */,
				BFC862C51F97E7D3006F0131 /* BisectionMethod.cpp */,
				BFC862C81F97EA83006F0131 /* BisectionMethodTest.cpp */,
				BFBA08261F9955E50055DCAB /* NewtonsMethod.cpp */,
				BF6E560D1FCCEAC900C1B46F /* ex481.cpp */,
				BF6E560F1FCD317D00C1B46F /* ex483.cpp */,
				BF6E56111FCD37CB00C1B46F /* ex488.cpp */,
			);
			name = Chapter4;
			sourceTree = "<group>";
		};
		BFC862901F897B44006F0131 /* Frameworks */ = {
			isa = PBXGroup;
			children = (
			);
			name = Frameworks;
			sourceTree = "<group>";
		};
/* End PBXGroup section */

/* Begin PBXNativeTarget section */
		BFC307321F6A129500774AA8 /* Cpp4Engineers */ = {
			isa = PBXNativeTarget;
			buildConfigurationList = BFC3073A1F6A129500774AA8 /* Build configuration list for PBXNativeTarget "Cpp4Engineers" */;
			buildPhases = (
				BFC3072F1F6A129500774AA8 /* Sources */,
				BFC307301F6A129500774AA8 /* Frameworks */,
				BFC307311F6A129500774AA8 /* CopyFiles */,
			);
			buildRules = (
			);
			dependencies = (
			);
			name = Cpp4Engineers;
			productName = Chapter1;
			productReference = BFC307331F6A129500774AA8 /* Cpp4Engineers */;
			productType = "com.apple.product-type.tool";
		};
/* End PBXNativeTarget section */

/* Begin PBXProject section */
		BFC3072B1F6A129500774AA8 /* Project object */ = {
			isa = PBXProject;
			attributes = {
				LastUpgradeCheck = 0800;
				ORGANIZATIONNAME = "TIMCA Computers";
				TargetAttributes = {
					BFC307321F6A129500774AA8 = {
						CreatedOnToolsVersion = 8.0;
						DevelopmentTeam = 8EBBC7XXY4;
						ProvisioningStyle = Automatic;
					};
				};
			};
			buildConfigurationList = BFC3072E1F6A129500774AA8 /* Build configuration list for PBXProject "Cpp4Engineers" */;
			compatibilityVersion = "Xcode 3.2";
			developmentRegion = English;
			hasScannedForEncodings = 0;
			knownRegions = (
				en,
			);
			mainGroup = BFC3072A1F6A129500774AA8;
			productRefGroup = BFC307341F6A129500774AA8 /* Products */;
			projectDirPath = "";
			projectRoot = "";
			targets = (
				BFC307321F6A129500774AA8 /* Cpp4Engineers */,
			);
		};
/* End PBXProject section */

/* Begin PBXSourcesBuildPhase section */
		BFC3072F1F6A129500774AA8 /* Sources */ = {
			isa = PBXSourcesBuildPhase;
			buildActionMask = 2147483647;
			files = (
				BF8C093D1F6A2FE7007438AD /* exercise162b.cpp in Sources */,
				BF8C094E1F6A3E42007438AD /* exercise1610.cpp in Sources */,
				BF34E370202D6F380065812C /* ex7.9.15.cpp in Sources */,
				BF8C09431F6A337F007438AD /* exercise164.cpp in Sources */,
				BF4A8D69201FF27B002B1B6E /* ex7.9.1.cpp in Sources */,
				BFC862C41F95552A006F0131 /* StreamExample12.cpp in Sources */,
				BF8C09411F6A32CE007438AD /* exercise163b.cpp in Sources */,
				BF6E56071FBFADA400C1B46F /* test.cpp in Sources */,
				BF34E37A202F920E0065812C /* ex8.7.3.cpp in Sources */,
				BFC307371F6A129500774AA8 /* main.cpp in Sources */,
				BFC8623F1F7B481E006F0131 /* ex3145.cpp in Sources */,
				BFC862651F859618006F0131 /* file10.cpp in Sources */,
				BFC862241F734BC1006F0131 /* ex2515.cpp in Sources */,
				BFC862061F73014E006F0131 /* fibonacci.cpp in Sources */,
				BF6E560E1FCCEAC900C1B46F /* ex481.cpp in Sources */,
				BFC862671F85962B006F0131 /* file11.cpp in Sources */,
				BF34E37F2030BBDD0065812C /* ex8.7.4.cpp in Sources */,
				BFC8620A1F730A64006F0131 /* ex252.cpp in Sources */,
				BF8C09521F6A40A4007438AD /* exercise1612.cpp in Sources */,
				BFC862541F82F7C5006F0131 /* ErrorNo.cpp in Sources */,
				BFC862A81F8C52F4006F0131 /* StringExample5.cpp in Sources */,
				BFC862081F7303E4006F0131 /* ex251.cpp in Sources */,
				BFC8625E1F857E26006F0131 /* file2.cpp in Sources */,
				BF4A8D6F2020E751002B1B6E /* Mtx.cpp in Sources */,
				BFC862351F7B357A006F0131 /* ex3142.cpp in Sources */,
				BFC862331F7B2DC7006F0131 /* ex3141.cpp in Sources */,
				BFC8620C1F731395006F0131 /* ex253.cpp in Sources */,
				BFC862B01F950AF7006F0131 /* StreamExample3.cpp in Sources */,
				BFC8620E1F731490006F0131 /* ex254.cpp in Sources */,
				BF6E56101FCD317D00C1B46F /* ex483.cpp in Sources */,
				BFC862AA1F8C54BA006F0131 /* StringExample6.cpp in Sources */,
				BFC862AC1F8C57B7006F0131 /* StreamExample1.cpp in Sources */,
				BFC8624C1F80A1E2006F0131 /* main.cpp in Sources */,
				BF4A8D6C201FFA4C002B1B6E /* Vcr.cpp in Sources */,
				BFC862A21F8C40B7006F0131 /* StringExample2.cpp in Sources */,
				BF8C09491F6A3BB8007438AD /* exercise167.cpp in Sources */,
				BF34E3812030C5EA0065812C /* ex8.7.1.cpp in Sources */,
				BFC8625A1F857B20006F0131 /* ZeroInitialization.cpp in Sources */,
				BFC862621F858450006F0131 /* file4.cpp in Sources */,
				BF34E38720312C800065812C /* Vcr.cpp in Sources */,
				BFC8624A1F80A13F006F0131 /* NamespaceAlias.cpp in Sources */,
				BFC862C01F95471A006F0131 /* StreamExample10.cpp in Sources */,
				BFBA08271F9955E50055DCAB /* NewtonsMethod.cpp in Sources */,
				BF6E560C1FC8EDA000C1B46F /* virtual.cp in Sources */,
				BFC8626D1F85D7C3006F0131 /* ConsoleArgument.cpp in Sources */,
				BFC8626B1F85BF53006F0131 /* SortRand.cpp in Sources */,
				BFBA08291FA1215A0055DCAB /* ex3148.cpp in Sources */,
				BF8C09451F6A3647007438AD /* exercise165.cpp in Sources */,
				BFC862141F732497006F0131 /* ex257.cpp in Sources */,
				BF34E38420311ABE0065812C /* ex9.6.2.cpp in Sources */,
				BFC862BC1F9541F6006F0131 /* StreamExample9.cpp in Sources */,
				BFBA08351FA177980055DCAB /* ex31414.cpp in Sources */,
				BFC862411F7B4AE1006F0131 /* ex3147.cpp in Sources */,
				BFC862B81F952768006F0131 /* StreamExample7.cpp in Sources */,
				BFC862011F70BAA0006F0131 /* exercise168.cpp in Sources */,
				BFC862A41F8C4566006F0131 /* StringExample3.cpp in Sources */,
				BFBA082B1FA126DD0055DCAB /* ex3149.cpp in Sources */,
				BFC862201F733B79006F0131 /* ex2513.cpp in Sources */,
				BFC862B21F9511C9006F0131 /* StreamExample4.cpp in Sources */,
				BFC862121F732356006F0131 /* ex256.cpp in Sources */,
				BFC3073E1F6A16A100774AA8 /* example161.cpp in Sources */,
				BFC8621E1F73335A006F0131 /* ex2512.cpp in Sources */,
				BFBA08331FA166580055DCAB /* ex31413.cpp in Sources */,
				BFC862561F83016E006F0131 /* evalHorner.cpp in Sources */,
				BF8C09501F6A3FE8007438AD /* exercise1611.cpp in Sources */,
				BFBA082D1FA12B4A0055DCAB /* ex31410.cpp in Sources */,
				BFC862601F858431006F0131 /* file3.cpp in Sources */,
				BFC862371F7B395A006F0131 /* ex3143.cpp in Sources */,
				BFC862B61F951BB4006F0131 /* StreamExample6.cpp in Sources */,
				BFC862311F7AF261006F0131 /* trapeAndSimp.cpp in Sources */,
				BFC862391F7B3CE9006F0131 /* ex3144.cpp in Sources */,
				BFC862BA1F95399D006F0131 /* StreamExample8.cpp in Sources */,
				BFC862C91F97EA83006F0131 /* BisectionMethodTest.cpp in Sources */,
				BFC862C21F954EC3006F0131 /* StreamExample11.cpp in Sources */,
				BF34E38A2031576E0065812C /* ex10.4.1.cpp in Sources */,
				BFC862AE1F950522006F0131 /* StreamExample2.cpp in Sources */,
				BFC862A61F8C4B1A006F0131 /* StringExample4.cpp in Sources */,
				BF8C094B1F6A3D75007438AD /* exercise169.cpp in Sources */,
				BF8C093F1F6A319E007438AD /* exercise163.cpp in Sources */,
				BFC862691F85A75A006F0131 /* CodeProfiling.cpp in Sources */,
				BFC8621C1F733192006F0131 /* ex2511.cpp in Sources */,
				BFC8625C1F857E04006F0131 /* file1.cpp in Sources */,
				BFC8623D1F7B4766006F0131 /* ex3146.cpp in Sources */,
				BFC307401F6A1D0700774AA8 /* exercise162.cpp in Sources */,
				BFC862271F73538D006F0131 /* test.cpp in Sources */,
				BFC862C61F97E7D3006F0131 /* BisectionMethod.cpp in Sources */,
				BFC862291F7353B0006F0131 /* main.cpp in Sources */,
				BFC862B41F95154D006F0131 /* StreamExample5.cpp in Sources */,
				BFBA08311FA150A60055DCAB /* ex31412.cpp in Sources */,
				BF6E56121FCD37CB00C1B46F /* ex488.cpp in Sources */,
				BFBA08371FA182BE0055DCAB /* ex31415.cpp in Sources */,
				BFC862A01F8C324A006F0131 /* StringExample1.cpp in Sources */,
				BF34E36E202D57750065812C /* ex7.9.3.cpp in Sources */,
				BF8C09471F6A3AB2007438AD /* exercise166.cpp in Sources */,
				BFBA082F1FA149EB0055DCAB /* ex31411.cpp in Sources */,
				BFC862101F7317A4006F0131 /* ex255.cpp in Sources */,
				BFC8621A1F732CE3006F0131 /* ex2510.cpp in Sources */,
				BFC862161F7325D0006F0131 /* ex258.cpp in Sources */,
				BFC8628C1F89785C006F0131 /* ArithmeticTest.cpp in Sources */,
				BF1FA8BC1FDE0A420028DF8B /* ex5102.cpp in Sources */,
				BFC020541FFAF3A400143BF3 /* Cmpx.cpp in Sources */,
				BFC862221F733CED006F0131 /* ex2514.cpp in Sources */,
				BFC862181F73299F006F0131 /* ex259.cpp in Sources */,
			);
			runOnlyForDeploymentPostprocessing = 0;
		};
/* End PBXSourcesBuildPhase section */

/* Begin XCBuildConfiguration section */
		BFC307381F6A129500774AA8 /* Debug */ = {
			isa = XCBuildConfiguration;
			buildSettings = {
				ALWAYS_SEARCH_USER_PATHS = NO;
				CLANG_ANALYZER_NONNULL = YES;
				CLANG_CXX_LANGUAGE_STANDARD = "gnu++0x";
				CLANG_CXX_LIBRARY = "libc++";
				CLANG_ENABLE_MODULES = YES;
				CLANG_ENABLE_OBJC_ARC = YES;
				CLANG_WARN_BOOL_CONVERSION = YES;
				CLANG_WARN_CONSTANT_CONVERSION = YES;
				CLANG_WARN_DIRECT_OBJC_ISA_USAGE = YES_ERROR;
				CLANG_WARN_DOCUMENTATION_COMMENTS = YES;
				CLANG_WARN_EMPTY_BODY = YES;
				CLANG_WARN_ENUM_CONVERSION = YES;
				CLANG_WARN_INFINITE_RECURSION = YES;
				CLANG_WARN_INT_CONVERSION = YES;
				CLANG_WARN_OBJC_ROOT_CLASS = YES_ERROR;
				CLANG_WARN_SUSPICIOUS_MOVES = YES;
				CLANG_WARN_UNREACHABLE_CODE = YES;
				CLANG_WARN__DUPLICATE_METHOD_MATCH = YES;
				CODE_SIGN_IDENTITY = "-";
				COPY_PHASE_STRIP = NO;
				DEBUG_INFORMATION_FORMAT = dwarf;
				ENABLE_STRICT_OBJC_MSGSEND = YES;
				ENABLE_TESTABILITY = YES;
				GCC_C_LANGUAGE_STANDARD = gnu99;
				GCC_DYNAMIC_NO_PIC = NO;
				GCC_NO_COMMON_BLOCKS = YES;
				GCC_OPTIMIZATION_LEVEL = 0;
				GCC_PREPROCESSOR_DEFINITIONS = (
					"DEBUG=1",
					"$(inherited)",
				);
				GCC_WARN_64_TO_32_BIT_CONVERSION = YES;
				GCC_WARN_ABOUT_RETURN_TYPE = YES_ERROR;
				GCC_WARN_UNDECLARED_SELECTOR = YES;
				GCC_WARN_UNINITIALIZED_AUTOS = YES_AGGRESSIVE;
				GCC_WARN_UNUSED_FUNCTION = YES;
				GCC_WARN_UNUSED_VARIABLE = YES;
				"HEADER_SEARCH_PATHS[arch=*]" = "$(inherited)$(PROJECT_DIR)/Arithmetic";
				MACOSX_DEPLOYMENT_TARGET = 10.11;
				MTL_ENABLE_DEBUG_INFO = YES;
				ONLY_ACTIVE_ARCH = YES;
				SDKROOT = macosx;
			};
			name = Debug;
		};
		BFC307391F6A129500774AA8 /* Release */ = {
			isa = XCBuildConfiguration;
			buildSettings = {
				ALWAYS_SEARCH_USER_PATHS = NO;
				CLANG_ANALYZER_NONNULL = YES;
				CLANG_CXX_LANGUAGE_STANDARD = "gnu++0x";
				CLANG_CXX_LIBRARY = "libc++";
				CLANG_ENABLE_MODULES = YES;
				CLANG_ENABLE_OBJC_ARC = YES;
				CLANG_WARN_BOOL_CONVERSION = YES;
				CLANG_WARN_CONSTANT_CONVERSION = YES;
				CLANG_WARN_DIRECT_OBJC_ISA_USAGE = YES_ERROR;
				CLANG_WARN_DOCUMENTATION_COMMENTS = YES;
				CLANG_WARN_EMPTY_BODY = YES;
				CLANG_WARN_ENUM_CONVERSION = YES;
				CLANG_WARN_INFINITE_RECURSION = YES;
				CLANG_WARN_INT_CONVERSION = YES;
				CLANG_WARN_OBJC_ROOT_CLASS = YES_ERROR;
				CLANG_WARN_SUSPICIOUS_MOVES = YES;
				CLANG_WARN_UNREACHABLE_CODE = YES;
				CLANG_WARN__DUPLICATE_METHOD_MATCH = YES;
				CODE_SIGN_IDENTITY = "-";
				COPY_PHASE_STRIP = NO;
				DEBUG_INFORMATION_FORMAT = "dwarf-with-dsym";
				ENABLE_NS_ASSERTIONS = NO;
				ENABLE_STRICT_OBJC_MSGSEND = YES;
				GCC_C_LANGUAGE_STANDARD = gnu99;
				GCC_NO_COMMON_BLOCKS = YES;
				GCC_WARN_64_TO_32_BIT_CONVERSION = YES;
				GCC_WARN_ABOUT_RETURN_TYPE = YES_ERROR;
				GCC_WARN_UNDECLARED_SELECTOR = YES;
				GCC_WARN_UNINITIALIZED_AUTOS = YES_AGGRESSIVE;
				GCC_WARN_UNUSED_FUNCTION = YES;
				GCC_WARN_UNUSED_VARIABLE = YES;
				MACOSX_DEPLOYMENT_TARGET = 10.11;
				MTL_ENABLE_DEBUG_INFO = NO;
				SDKROOT = macosx;
			};
			name = Release;
		};
		BFC3073B1F6A129500774AA8 /* Debug */ = {
			isa = XCBuildConfiguration;
			buildSettings = {
				DEVELOPMENT_TEAM = 8EBBC7XXY4;
				LIBRARY_SEARCH_PATHS = (
					"$(inherited)",
					"$(PROJECT_DIR)/Chapter4",
					"$(PROJECT_DIR)/Arithmetic/Arithmetic",
					"$(PROJECT_DIR)/Arithmetic",
				);
				PRODUCT_NAME = "$(TARGET_NAME)";
			};
			name = Debug;
		};
		BFC3073C1F6A129500774AA8 /* Release */ = {
			isa = XCBuildConfiguration;
			buildSettings = {
				DEVELOPMENT_TEAM = 8EBBC7XXY4;
				LIBRARY_SEARCH_PATHS = (
					"$(inherited)",
					"$(PROJECT_DIR)/Chapter4",
					"$(PROJECT_DIR)/Arithmetic/Arithmetic",
					"$(PROJECT_DIR)/Arithmetic",
				);
				PRODUCT_NAME = "$(TARGET_NAME)";
			};
			name = Release;
		};
/* End XCBuildConfiguration section */

/* Begin XCConfigurationList section */
		BFC3072E1F6A129500774AA8 /* Build configuration list for PBXProject "Cpp4Engineers" */ = {
			isa = XCConfigurationList;
			buildConfigurations = (
				BFC307381F6A129500774AA8 /* Debug */,
				BFC307391F6A129500774AA8 /* Release */,
			);
			defaultConfigurationIsVisible = 0;
			defaultConfigurationName = Release;
		};
		BFC3073A1F6A129500774AA8 /* Build configuration list for PBXNativeTarget "Cpp4Engineers" */ = {
			isa = XCConfigurationList;
			buildConfigurations = (
				BFC3073B1F6A129500774AA8 /* Debug */,
				BFC3073C1F6A129500774AA8 /* Release */,
			);
			defaultConfigurationIsVisible = 0;
			defaultConfigurationName = Release;
		};
/* End XCConfigurationList section */
	};
	rootObject = BFC3072B1F6A129500774AA8 /* Project object */;
}
